
Microsoft Visual Studio Solution File, Format Version 12.00
# Visual Studio Version 17
VisualStudioVersion = 17.0.31903.59
MinimumVisualStudioVersion = 10.0.40219.1
Project("{FAE04EC0-301F-11D3-BF4B-00C04F79EFBC}") = "LogoFX.Client.Mvvm.Core.Platform.UWP", "LogoFX.Client.Mvvm.Core.Platform\uwp\LogoFX.Client.Mvvm.Core.Platform.UWP.csproj", "{D7960772-0EF6-42DB-97BA-A1CC24934487}"
EndProject
Project("{9A19103F-16F7-4668-BE54-9A1E7A4F7556}") = "LogoFX.Client.Mvvm.Core.Platform.NETCore", "LogoFX.Client.Mvvm.Core.Platform\netcore\LogoFX.Client.Mvvm.Core.Platform.NETCore.csproj", "{B4F7D5C4-9421-4D17-8D1C-104782E9C58A}"
EndProject
Project("{FAE04EC0-301F-11D3-BF4B-00C04F79EFBC}") = "LogoFX.Client.Mvvm.Core.Platform.NETFramework", "LogoFX.Client.Mvvm.Core.Platform\netframework\LogoFX.Client.Mvvm.Core.Platform.NETFramework.csproj", "{BD03B159-9C44-4E27-961B-97A63E383FEF}"
EndProject
Project("{9A19103F-16F7-4668-BE54-9A1E7A4F7556}") = "LogoFX.Client.Mvvm.Core.Platform.NET", "LogoFX.Client.Mvvm.Core.Platform\net\LogoFX.Client.Mvvm.Core.Platform.NET.csproj", "{9E672454-042B-4083-B319-BF1C05671452}"
EndProject
Project("{2150E333-8FDC-42A3-9474-1A3956D46DE8}") = "core", "core", "{3DE13E6B-143F-4DED-8734-43419F34028C}"
EndProject
Project("{2150E333-8FDC-42A3-9474-1A3956D46DE8}") = "commanding", "commanding", "{2D8B3D01-AA5F-4104-815E-B10723B3E89D}"
EndProject
Project("{9A19103F-16F7-4668-BE54-9A1E7A4F7556}") = "LogoFX.Client.Mvvm.Commanding", "LogoFX.Client.Mvvm.Commanding\LogoFX.Client.Mvvm.Commanding.csproj", "{04A1FC3F-F956-4E69-81F0-C2A3FCF0B0A4}"
EndProject
Project("{9A19103F-16F7-4668-BE54-9A1E7A4F7556}") = "LogoFX.Client.Mvvm.Commanding.Platform.NET", "LogoFX.Client.Mvvm.Commanding.Platform\net\LogoFX.Client.Mvvm.Commanding.Platform.NET.csproj", "{16185DD9-347C-4BE1-9F51-2A7C91494341}"
EndProject
Project("{9A19103F-16F7-4668-BE54-9A1E7A4F7556}") = "LogoFX.Client.Mvvm.Commanding.Platform.NETCore", "LogoFX.Client.Mvvm.Commanding.Platform\netcore\LogoFX.Client.Mvvm.Commanding.Platform.NETCore.csproj", "{FA097D7B-2892-4A7D-8DBE-57DEE1E5947C}"
EndProject
Project("{FAE04EC0-301F-11D3-BF4B-00C04F79EFBC}") = "LogoFX.Client.Mvvm.Commanding.Platform.NETFramework", "LogoFX.Client.Mvvm.Commanding.Platform\netframework\LogoFX.Client.Mvvm.Commanding.Platform.NETFramework.csproj", "{C0A7D585-0C3A-4E48-AE42-5B08981EEACA}"
EndProject
Project("{2150E333-8FDC-42A3-9474-1A3956D46DE8}") = "model", "model", "{96552089-E0F1-4DE4-9B94-2861A635382C}"
EndProject
Project("{9A19103F-16F7-4668-BE54-9A1E7A4F7556}") = "LogoFX.Client.Mvvm.Model.Contracts", "LogoFX.Client.Mvvm.Model.Contracts\LogoFX.Client.Mvvm.Model.Contracts.csproj", "{3663D1DF-87E7-4E39-8D45-D77C2391EA61}"
EndProject
Project("{9A19103F-16F7-4668-BE54-9A1E7A4F7556}") = "LogoFX.Client.Mvvm.Model", "LogoFX.Client.Mvvm.Model\LogoFX.Client.Mvvm.Model.csproj", "{B12CCEA4-5D5E-4850-9A10-B85A6F67D5D1}"
EndProject
Project("{9A19103F-16F7-4668-BE54-9A1E7A4F7556}") = "LogoFX.Client.Mvvm.Model.Specs", "LogoFX.Client.Mvvm.Model.Specs\LogoFX.Client.Mvvm.Model.Specs.csproj", "{9E78EAF2-38F0-4E5A-8D73-36768556BF47}"
EndProject
Project("{2150E333-8FDC-42A3-9474-1A3956D46DE8}") = "viewmodel", "viewmodel", "{6743DA2C-67BE-4361-8E33-BB0C7EE9BF83}"
EndProject
Project("{9A19103F-16F7-4668-BE54-9A1E7A4F7556}") = "LogoFX.Client.Mvvm.ViewModel.Contracts", "LogoFX.Client.Mvvm.ViewModel.Contracts\LogoFX.Client.Mvvm.ViewModel.Contracts.csproj", "{5F105D7A-2F5F-4E1B-9CC1-985E160F04D7}"
EndProject
Project("{9A19103F-16F7-4668-BE54-9A1E7A4F7556}") = "LogoFX.Client.Mvvm.ViewModel", "LogoFX.Client.Mvvm.ViewModel\LogoFX.Client.Mvvm.ViewModel.csproj", "{BBBA33DC-EEFF-4A30-ADFF-4CAD15ECF1FF}"
EndProject
Project("{9A19103F-16F7-4668-BE54-9A1E7A4F7556}") = "LogoFX.Client.Mvvm.ViewModel.Platform.NET", "LogoFX.Client.Mvvm.ViewModel.Platform\net\LogoFX.Client.Mvvm.ViewModel.Platform.NET.csproj", "{27356142-EA83-4FC4-AE09-EC5AE018575A}"
EndProject
Project("{9A19103F-16F7-4668-BE54-9A1E7A4F7556}") = "LogoFX.Client.Mvvm.ViewModel.Platform.NETCore", "LogoFX.Client.Mvvm.ViewModel.Platform\netcore\LogoFX.Client.Mvvm.ViewModel.Platform.NETCore.csproj", "{BF41A837-B7A1-44FF-B270-A7C2360CB978}"
EndProject
Project("{FAE04EC0-301F-11D3-BF4B-00C04F79EFBC}") = "LogoFX.Client.Mvvm.ViewModel.Platform.NETFramework", "LogoFX.Client.Mvvm.ViewModel.Platform\netframework\LogoFX.Client.Mvvm.ViewModel.Platform.NETFramework.csproj", "{E96CB49C-8AA8-4CBC-B143-4C4DA11998F5}"
EndProject
Project("{9A19103F-16F7-4668-BE54-9A1E7A4F7556}") = "LogoFX.Client.Mvvm.ViewModel.Tests", "LogoFX.Client.Mvvm.ViewModel.Tests\LogoFX.Client.Mvvm.ViewModel.Tests.csproj", "{33362BF8-424A-4E56-A064-003E0C03E44F}"
EndProject
Project("{2150E333-8FDC-42A3-9474-1A3956D46DE8}") = "viewmodel-factory", "viewmodel-factory", "{CD72D2EA-8812-49D2-A7DB-92A1DC3F2824}"
EndProject
Project("{9A19103F-16F7-4668-BE54-9A1E7A4F7556}") = "LogoFX.Client.Mvvm.ViewModelFactory", "LogoFX.Client.Mvvm.ViewModelFactory\LogoFX.Client.Mvvm.ViewModelFactory.csproj", "{6A444F43-06ED-4914-A334-E2784F2D6EEF}"
EndProject
Project("{9A19103F-16F7-4668-BE54-9A1E7A4F7556}") = "LogoFX.Client.Mvvm.ViewModelFactory.SimpleContainer", "LogoFX.Client.Mvvm.ViewModelFactory.SimpleContainer\LogoFX.Client.Mvvm.ViewModelFactory.SimpleContainer.csproj", "{9C4F4068-239F-4432-8514-288202D741FC}"
EndProject
Project("{9A19103F-16F7-4668-BE54-9A1E7A4F7556}") = "LogoFX.Client.Mvvm.ViewModelFactory.SimpleContainer.Tests", "LogoFX.Client.Mvvm.ViewModelFactory.SimpleContainer.Tests\LogoFX.Client.Mvvm.ViewModelFactory.SimpleContainer.Tests.csproj", "{5EAE38BD-B9D8-41B7-BFF9-A6AA7F3218BD}"
EndProject
Project("{9A19103F-16F7-4668-BE54-9A1E7A4F7556}") = "LogoFX.Client.Mvvm.ViewModelFactory.Unity", "LogoFX.Client.Mvvm.ViewModelFactory.Unity\LogoFX.Client.Mvvm.ViewModelFactory.Unity.csproj", "{B78630BE-55D6-478E-8D3F-02C5A1C8896F}"
EndProject
Project("{2150E333-8FDC-42A3-9474-1A3956D46DE8}") = "view", "view", "{31154E60-EFDE-425A-8676-EA3CDFD026FC}"
EndProject
Project("{9A19103F-16F7-4668-BE54-9A1E7A4F7556}") = "LogoFX.Client.Mvvm.View", "LogoFX.Client.Mvvm.View\LogoFX.Client.Mvvm.View.csproj", "{141073E7-A5F7-4000-A11A-DBF5ACDEFD15}"
EndProject
Project("{9A19103F-16F7-4668-BE54-9A1E7A4F7556}") = "LogoFX.Client.Mvvm.View.Platform.NET", "LogoFX.Client.Mvvm.View.Platform\net\LogoFX.Client.Mvvm.View.Platform.NET.csproj", "{5C205A26-F4F2-48A8-8E4E-F07EE7FAE74E}"
EndProject
Project("{9A19103F-16F7-4668-BE54-9A1E7A4F7556}") = "LogoFX.Client.Mvvm.View.Platform.NETCore", "LogoFX.Client.Mvvm.View.Platform\netcore\LogoFX.Client.Mvvm.View.Platform.NETCore.csproj", "{68FA884F-0606-4AE8-815C-B2CEE3866EE9}"
EndProject
Project("{FAE04EC0-301F-11D3-BF4B-00C04F79EFBC}") = "LogoFX.Client.Mvvm.View.Platform.NETFramework", "LogoFX.Client.Mvvm.View.Platform\netframework\LogoFX.Client.Mvvm.View.Platform.NETFramework.csproj", "{7CCD7879-DC5F-485C-A54C-AEC4980130EB}"
EndProject
Project("{FAE04EC0-301F-11D3-BF4B-00C04F79EFBC}") = "LogoFX.Client.Mvvm.View.Platform.Tests", "LogoFX.Client.Mvvm.View.Platform.Tests\LogoFX.Client.Mvvm.View.Platform.Tests.csproj", "{96E00CE9-3FC1-47C7-A2EA-51BB168A605A}"
EndProject
Project("{2150E333-8FDC-42A3-9474-1A3956D46DE8}") = "viewmodel-extensions", "viewmodel-extensions", "{DEA3F8E8-DC4F-447D-9FAA-0234020B5771}"
EndProject
Project("{9A19103F-16F7-4668-BE54-9A1E7A4F7556}") = "LogoFX.Client.Mvvm.ViewModel.Shared", "LogoFX.Client.Mvvm.ViewModel.Shared\LogoFX.Client.Mvvm.ViewModel.Shared.csproj", "{59D021F3-2441-4DA4-A924-BF2AB3944350}"
EndProject
Project("{9A19103F-16F7-4668-BE54-9A1E7A4F7556}") = "LogoFX.Client.Mvvm.ViewModel.Services", "LogoFX.Client.Mvvm.ViewModel.Services\LogoFX.Client.Mvvm.ViewModel.Services.csproj", "{B37886DD-0D8D-4F5A-8265-4A09A2A122ED}"
EndProject
Project("{9A19103F-16F7-4668-BE54-9A1E7A4F7556}") = "LogoFX.Client.Mvvm.ViewModel.Services.Middleware", "LogoFX.Client.Mvvm.ViewModel.Services.Middleware\LogoFX.Client.Mvvm.ViewModel.Services.Middleware.csproj", "{72D47C4E-E4B4-4F5C-86CB-F2DD15597283}"
EndProject
Project("{9A19103F-16F7-4668-BE54-9A1E7A4F7556}") = "LogoFX.Client.Mvvm.ViewModel.Services.Platform.NET", "LogoFX.Client.Mvvm.ViewModel.Services.Platform\net\LogoFX.Client.Mvvm.ViewModel.Services.Platform.NET.csproj", "{4232FDDC-3779-410F-8A98-A32FAFF7E118}"
EndProject
Project("{9A19103F-16F7-4668-BE54-9A1E7A4F7556}") = "LogoFX.Client.Mvvm.ViewModel.Services.Platform.NETCore", "LogoFX.Client.Mvvm.ViewModel.Services.Platform\netcore\LogoFX.Client.Mvvm.ViewModel.Services.Platform.NETCore.csproj", "{1B810D55-6383-409E-817B-CE4E2B8734A3}"
EndProject
Project("{FAE04EC0-301F-11D3-BF4B-00C04F79EFBC}") = "LogoFX.Client.Mvvm.ViewModel.Services.Platform.NETFramework", "LogoFX.Client.Mvvm.ViewModel.Services.Platform\netframework\LogoFX.Client.Mvvm.ViewModel.Services.Platform.NETFramework.csproj", "{EF9F60DB-C87B-448B-A6BD-ACB13DF51C94}"
EndProject
Project("{9A19103F-16F7-4668-BE54-9A1E7A4F7556}") = "LogoFX.Client.Mvvm.ViewModel.Extensions", "LogoFX.Client.Mvvm.ViewModel.Extensions\LogoFX.Client.Mvvm.ViewModel.Extensions.csproj", "{DA4A44FA-F705-47B6-B1B5-15BD8F80D811}"
EndProject
Project("{9A19103F-16F7-4668-BE54-9A1E7A4F7556}") = "LogoFX.Client.Mvvm.ViewModel.Extensions.Tests", "LogoFX.Client.Mvvm.ViewModel.Extensions.Tests\LogoFX.Client.Mvvm.ViewModel.Extensions.Tests.csproj", "{A584516C-F8AD-4B9D-BF2F-5FC60D845B61}"
EndProject
Project("{9A19103F-16F7-4668-BE54-9A1E7A4F7556}") = "LogoFX.Client.Mvvm.ViewModel.Extensions.Specs", "LogoFX.Client.Mvvm.ViewModel.Extensions.Specs\LogoFX.Client.Mvvm.ViewModel.Extensions.Specs.csproj", "{CF7F8B55-E29D-4CD2-8878-98829D4EFBF3}"
EndProject
Project("{9A19103F-16F7-4668-BE54-9A1E7A4F7556}") = "LogoFX.Client.Mvvm.ViewModel.Extensions.Platform.NET", "LogoFX.Client.Mvvm.ViewModel.Extensions.Platform\net\LogoFX.Client.Mvvm.ViewModel.Extensions.Platform.NET.csproj", "{28164876-451F-4232-94FD-A37E0EC3ED85}"
EndProject
Project("{9A19103F-16F7-4668-BE54-9A1E7A4F7556}") = "LogoFX.Client.Mvvm.ViewModel.Extensions.Platform.NETCore", "LogoFX.Client.Mvvm.ViewModel.Extensions.Platform\netcore\LogoFX.Client.Mvvm.ViewModel.Extensions.Platform.NETCore.csproj", "{48E094D9-0189-4CD1-A983-1B9AAF313708}"
EndProject
Project("{FAE04EC0-301F-11D3-BF4B-00C04F79EFBC}") = "LogoFX.Client.Mvvm.ViewModel.Extensions.Platform.NETFramework", "LogoFX.Client.Mvvm.ViewModel.Extensions.Platform\netframework\LogoFX.Client.Mvvm.ViewModel.Extensions.Platform.NETFramework.csproj", "{F7E89E24-85A4-4B72-B726-AF623A039E3D}"
EndProject
Project("{2150E333-8FDC-42A3-9474-1A3956D46DE8}") = "view-extensions", "view-extensions", "{9EFDBB34-5442-4983-944B-F0F955F53BB1}"
EndProject
Project("{9A19103F-16F7-4668-BE54-9A1E7A4F7556}") = "LogoFX.Client.Mvvm.View.Extensions.NET", "LogoFX.Client.Mvvm.View.Extensions\net\LogoFX.Client.Mvvm.View.Extensions.NET.csproj", "{9DFBC9CC-AD14-4185-A14B-640EFCF6E754}"
EndProject
Project("{9A19103F-16F7-4668-BE54-9A1E7A4F7556}") = "LogoFX.Client.Mvvm.View.Extensions.NETCore", "LogoFX.Client.Mvvm.View.Extensions\netcore\LogoFX.Client.Mvvm.View.Extensions.NETCore.csproj", "{30ABB881-F001-4300-B07B-220B14FFEEC4}"
EndProject
Project("{FAE04EC0-301F-11D3-BF4B-00C04F79EFBC}") = "LogoFX.Client.Mvvm.View.Extensions.NETFramework", "LogoFX.Client.Mvvm.View.Extensions\netframework\LogoFX.Client.Mvvm.View.Extensions.NETFramework.csproj", "{7D14EB6D-4775-4518-A8E4-02B804226E83}"
EndProject
Global
	GlobalSection(SolutionConfigurationPlatforms) = preSolution
		Debug|Any CPU = Debug|Any CPU
		Debug|ARM = Debug|ARM
		Debug|x64 = Debug|x64
		Debug|x86 = Debug|x86
		Release|Any CPU = Release|Any CPU
		Release|ARM = Release|ARM
		Release|x64 = Release|x64
		Release|x86 = Release|x86
	EndGlobalSection
	GlobalSection(ProjectConfigurationPlatforms) = postSolution
		{D7960772-0EF6-42DB-97BA-A1CC24934487}.Debug|Any CPU.ActiveCfg = Debug|Any CPU
		{D7960772-0EF6-42DB-97BA-A1CC24934487}.Debug|Any CPU.Build.0 = Debug|Any CPU
		{D7960772-0EF6-42DB-97BA-A1CC24934487}.Debug|ARM.ActiveCfg = Debug|ARM
		{D7960772-0EF6-42DB-97BA-A1CC24934487}.Debug|ARM.Build.0 = Debug|ARM
		{D7960772-0EF6-42DB-97BA-A1CC24934487}.Debug|x64.ActiveCfg = Debug|x64
		{D7960772-0EF6-42DB-97BA-A1CC24934487}.Debug|x64.Build.0 = Debug|x64
		{D7960772-0EF6-42DB-97BA-A1CC24934487}.Debug|x86.ActiveCfg = Debug|x86
		{D7960772-0EF6-42DB-97BA-A1CC24934487}.Debug|x86.Build.0 = Debug|x86
		{D7960772-0EF6-42DB-97BA-A1CC24934487}.Release|Any CPU.ActiveCfg = Release|Any CPU
		{D7960772-0EF6-42DB-97BA-A1CC24934487}.Release|Any CPU.Build.0 = Release|Any CPU
		{D7960772-0EF6-42DB-97BA-A1CC24934487}.Release|ARM.ActiveCfg = Release|ARM
		{D7960772-0EF6-42DB-97BA-A1CC24934487}.Release|ARM.Build.0 = Release|ARM
		{D7960772-0EF6-42DB-97BA-A1CC24934487}.Release|x64.ActiveCfg = Release|x64
		{D7960772-0EF6-42DB-97BA-A1CC24934487}.Release|x64.Build.0 = Release|x64
		{D7960772-0EF6-42DB-97BA-A1CC24934487}.Release|x86.ActiveCfg = Release|x86
		{D7960772-0EF6-42DB-97BA-A1CC24934487}.Release|x86.Build.0 = Release|x86
		{B4F7D5C4-9421-4D17-8D1C-104782E9C58A}.Debug|Any CPU.ActiveCfg = Debug|Any CPU
		{B4F7D5C4-9421-4D17-8D1C-104782E9C58A}.Debug|Any CPU.Build.0 = Debug|Any CPU
		{B4F7D5C4-9421-4D17-8D1C-104782E9C58A}.Debug|ARM.ActiveCfg = Debug|Any CPU
		{B4F7D5C4-9421-4D17-8D1C-104782E9C58A}.Debug|ARM.Build.0 = Debug|Any CPU
		{B4F7D5C4-9421-4D17-8D1C-104782E9C58A}.Debug|x64.ActiveCfg = Debug|Any CPU
		{B4F7D5C4-9421-4D17-8D1C-104782E9C58A}.Debug|x64.Build.0 = Debug|Any CPU
		{B4F7D5C4-9421-4D17-8D1C-104782E9C58A}.Debug|x86.ActiveCfg = Debug|Any CPU
		{B4F7D5C4-9421-4D17-8D1C-104782E9C58A}.Debug|x86.Build.0 = Debug|Any CPU
		{B4F7D5C4-9421-4D17-8D1C-104782E9C58A}.Release|Any CPU.ActiveCfg = Release|Any CPU
		{B4F7D5C4-9421-4D17-8D1C-104782E9C58A}.Release|Any CPU.Build.0 = Release|Any CPU
		{B4F7D5C4-9421-4D17-8D1C-104782E9C58A}.Release|ARM.ActiveCfg = Release|Any CPU
		{B4F7D5C4-9421-4D17-8D1C-104782E9C58A}.Release|ARM.Build.0 = Release|Any CPU
		{B4F7D5C4-9421-4D17-8D1C-104782E9C58A}.Release|x64.ActiveCfg = Release|Any CPU
		{B4F7D5C4-9421-4D17-8D1C-104782E9C58A}.Release|x64.Build.0 = Release|Any CPU
		{B4F7D5C4-9421-4D17-8D1C-104782E9C58A}.Release|x86.ActiveCfg = Release|Any CPU
		{B4F7D5C4-9421-4D17-8D1C-104782E9C58A}.Release|x86.Build.0 = Release|Any CPU
		{BD03B159-9C44-4E27-961B-97A63E383FEF}.Debug|Any CPU.ActiveCfg = Debug|Any CPU
		{BD03B159-9C44-4E27-961B-97A63E383FEF}.Debug|Any CPU.Build.0 = Debug|Any CPU
		{BD03B159-9C44-4E27-961B-97A63E383FEF}.Debug|ARM.ActiveCfg = Debug|Any CPU
		{BD03B159-9C44-4E27-961B-97A63E383FEF}.Debug|ARM.Build.0 = Debug|Any CPU
		{BD03B159-9C44-4E27-961B-97A63E383FEF}.Debug|x64.ActiveCfg = Debug|Any CPU
		{BD03B159-9C44-4E27-961B-97A63E383FEF}.Debug|x64.Build.0 = Debug|Any CPU
		{BD03B159-9C44-4E27-961B-97A63E383FEF}.Debug|x86.ActiveCfg = Debug|Any CPU
		{BD03B159-9C44-4E27-961B-97A63E383FEF}.Debug|x86.Build.0 = Debug|Any CPU
		{BD03B159-9C44-4E27-961B-97A63E383FEF}.Release|Any CPU.ActiveCfg = Release|Any CPU
		{BD03B159-9C44-4E27-961B-97A63E383FEF}.Release|Any CPU.Build.0 = Release|Any CPU
		{BD03B159-9C44-4E27-961B-97A63E383FEF}.Release|ARM.ActiveCfg = Release|Any CPU
		{BD03B159-9C44-4E27-961B-97A63E383FEF}.Release|ARM.Build.0 = Release|Any CPU
		{BD03B159-9C44-4E27-961B-97A63E383FEF}.Release|x64.ActiveCfg = Release|Any CPU
		{BD03B159-9C44-4E27-961B-97A63E383FEF}.Release|x64.Build.0 = Release|Any CPU
		{BD03B159-9C44-4E27-961B-97A63E383FEF}.Release|x86.ActiveCfg = Release|Any CPU
		{BD03B159-9C44-4E27-961B-97A63E383FEF}.Release|x86.Build.0 = Release|Any CPU
		{9E672454-042B-4083-B319-BF1C05671452}.Debug|Any CPU.ActiveCfg = Debug|Any CPU
		{9E672454-042B-4083-B319-BF1C05671452}.Debug|Any CPU.Build.0 = Debug|Any CPU
		{9E672454-042B-4083-B319-BF1C05671452}.Debug|ARM.ActiveCfg = Debug|Any CPU
		{9E672454-042B-4083-B319-BF1C05671452}.Debug|ARM.Build.0 = Debug|Any CPU
		{9E672454-042B-4083-B319-BF1C05671452}.Debug|x64.ActiveCfg = Debug|Any CPU
		{9E672454-042B-4083-B319-BF1C05671452}.Debug|x64.Build.0 = Debug|Any CPU
		{9E672454-042B-4083-B319-BF1C05671452}.Debug|x86.ActiveCfg = Debug|Any CPU
		{9E672454-042B-4083-B319-BF1C05671452}.Debug|x86.Build.0 = Debug|Any CPU
		{9E672454-042B-4083-B319-BF1C05671452}.Release|Any CPU.ActiveCfg = Release|Any CPU
		{9E672454-042B-4083-B319-BF1C05671452}.Release|Any CPU.Build.0 = Release|Any CPU
		{9E672454-042B-4083-B319-BF1C05671452}.Release|ARM.ActiveCfg = Release|Any CPU
		{9E672454-042B-4083-B319-BF1C05671452}.Release|ARM.Build.0 = Release|Any CPU
		{9E672454-042B-4083-B319-BF1C05671452}.Release|x64.ActiveCfg = Release|Any CPU
		{9E672454-042B-4083-B319-BF1C05671452}.Release|x64.Build.0 = Release|Any CPU
		{9E672454-042B-4083-B319-BF1C05671452}.Release|x86.ActiveCfg = Release|Any CPU
		{9E672454-042B-4083-B319-BF1C05671452}.Release|x86.Build.0 = Release|Any CPU
		{04A1FC3F-F956-4E69-81F0-C2A3FCF0B0A4}.Debug|Any CPU.ActiveCfg = Debug|Any CPU
		{04A1FC3F-F956-4E69-81F0-C2A3FCF0B0A4}.Debug|Any CPU.Build.0 = Debug|Any CPU
		{04A1FC3F-F956-4E69-81F0-C2A3FCF0B0A4}.Debug|ARM.ActiveCfg = Debug|Any CPU
		{04A1FC3F-F956-4E69-81F0-C2A3FCF0B0A4}.Debug|ARM.Build.0 = Debug|Any CPU
		{04A1FC3F-F956-4E69-81F0-C2A3FCF0B0A4}.Debug|x64.ActiveCfg = Debug|Any CPU
		{04A1FC3F-F956-4E69-81F0-C2A3FCF0B0A4}.Debug|x64.Build.0 = Debug|Any CPU
		{04A1FC3F-F956-4E69-81F0-C2A3FCF0B0A4}.Debug|x86.ActiveCfg = Debug|Any CPU
		{04A1FC3F-F956-4E69-81F0-C2A3FCF0B0A4}.Debug|x86.Build.0 = Debug|Any CPU
		{04A1FC3F-F956-4E69-81F0-C2A3FCF0B0A4}.Release|Any CPU.ActiveCfg = Release|Any CPU
		{04A1FC3F-F956-4E69-81F0-C2A3FCF0B0A4}.Release|Any CPU.Build.0 = Release|Any CPU
		{04A1FC3F-F956-4E69-81F0-C2A3FCF0B0A4}.Release|ARM.ActiveCfg = Release|Any CPU
		{04A1FC3F-F956-4E69-81F0-C2A3FCF0B0A4}.Release|ARM.Build.0 = Release|Any CPU
		{04A1FC3F-F956-4E69-81F0-C2A3FCF0B0A4}.Release|x64.ActiveCfg = Release|Any CPU
		{04A1FC3F-F956-4E69-81F0-C2A3FCF0B0A4}.Release|x64.Build.0 = Release|Any CPU
		{04A1FC3F-F956-4E69-81F0-C2A3FCF0B0A4}.Release|x86.ActiveCfg = Release|Any CPU
		{04A1FC3F-F956-4E69-81F0-C2A3FCF0B0A4}.Release|x86.Build.0 = Release|Any CPU
		{16185DD9-347C-4BE1-9F51-2A7C91494341}.Debug|Any CPU.ActiveCfg = Debug|Any CPU
		{16185DD9-347C-4BE1-9F51-2A7C91494341}.Debug|Any CPU.Build.0 = Debug|Any CPU
		{16185DD9-347C-4BE1-9F51-2A7C91494341}.Debug|ARM.ActiveCfg = Debug|Any CPU
		{16185DD9-347C-4BE1-9F51-2A7C91494341}.Debug|ARM.Build.0 = Debug|Any CPU
		{16185DD9-347C-4BE1-9F51-2A7C91494341}.Debug|x64.ActiveCfg = Debug|Any CPU
		{16185DD9-347C-4BE1-9F51-2A7C91494341}.Debug|x64.Build.0 = Debug|Any CPU
		{16185DD9-347C-4BE1-9F51-2A7C91494341}.Debug|x86.ActiveCfg = Debug|Any CPU
		{16185DD9-347C-4BE1-9F51-2A7C91494341}.Debug|x86.Build.0 = Debug|Any CPU
		{16185DD9-347C-4BE1-9F51-2A7C91494341}.Release|Any CPU.ActiveCfg = Release|Any CPU
		{16185DD9-347C-4BE1-9F51-2A7C91494341}.Release|Any CPU.Build.0 = Release|Any CPU
		{16185DD9-347C-4BE1-9F51-2A7C91494341}.Release|ARM.ActiveCfg = Release|Any CPU
		{16185DD9-347C-4BE1-9F51-2A7C91494341}.Release|ARM.Build.0 = Release|Any CPU
		{16185DD9-347C-4BE1-9F51-2A7C91494341}.Release|x64.ActiveCfg = Release|Any CPU
		{16185DD9-347C-4BE1-9F51-2A7C91494341}.Release|x64.Build.0 = Release|Any CPU
		{16185DD9-347C-4BE1-9F51-2A7C91494341}.Release|x86.ActiveCfg = Release|Any CPU
		{16185DD9-347C-4BE1-9F51-2A7C91494341}.Release|x86.Build.0 = Release|Any CPU
		{FA097D7B-2892-4A7D-8DBE-57DEE1E5947C}.Debug|Any CPU.ActiveCfg = Debug|Any CPU
		{FA097D7B-2892-4A7D-8DBE-57DEE1E5947C}.Debug|Any CPU.Build.0 = Debug|Any CPU
		{FA097D7B-2892-4A7D-8DBE-57DEE1E5947C}.Debug|ARM.ActiveCfg = Debug|Any CPU
		{FA097D7B-2892-4A7D-8DBE-57DEE1E5947C}.Debug|ARM.Build.0 = Debug|Any CPU
		{FA097D7B-2892-4A7D-8DBE-57DEE1E5947C}.Debug|x64.ActiveCfg = Debug|Any CPU
		{FA097D7B-2892-4A7D-8DBE-57DEE1E5947C}.Debug|x64.Build.0 = Debug|Any CPU
		{FA097D7B-2892-4A7D-8DBE-57DEE1E5947C}.Debug|x86.ActiveCfg = Debug|Any CPU
		{FA097D7B-2892-4A7D-8DBE-57DEE1E5947C}.Debug|x86.Build.0 = Debug|Any CPU
		{FA097D7B-2892-4A7D-8DBE-57DEE1E5947C}.Release|Any CPU.ActiveCfg = Release|Any CPU
		{FA097D7B-2892-4A7D-8DBE-57DEE1E5947C}.Release|Any CPU.Build.0 = Release|Any CPU
		{FA097D7B-2892-4A7D-8DBE-57DEE1E5947C}.Release|ARM.ActiveCfg = Release|Any CPU
		{FA097D7B-2892-4A7D-8DBE-57DEE1E5947C}.Release|ARM.Build.0 = Release|Any CPU
		{FA097D7B-2892-4A7D-8DBE-57DEE1E5947C}.Release|x64.ActiveCfg = Release|Any CPU
		{FA097D7B-2892-4A7D-8DBE-57DEE1E5947C}.Release|x64.Build.0 = Release|Any CPU
		{FA097D7B-2892-4A7D-8DBE-57DEE1E5947C}.Release|x86.ActiveCfg = Release|Any CPU
		{FA097D7B-2892-4A7D-8DBE-57DEE1E5947C}.Release|x86.Build.0 = Release|Any CPU
		{C0A7D585-0C3A-4E48-AE42-5B08981EEACA}.Debug|Any CPU.ActiveCfg = Debug|Any CPU
		{C0A7D585-0C3A-4E48-AE42-5B08981EEACA}.Debug|Any CPU.Build.0 = Debug|Any CPU
		{C0A7D585-0C3A-4E48-AE42-5B08981EEACA}.Debug|ARM.ActiveCfg = Debug|Any CPU
		{C0A7D585-0C3A-4E48-AE42-5B08981EEACA}.Debug|ARM.Build.0 = Debug|Any CPU
		{C0A7D585-0C3A-4E48-AE42-5B08981EEACA}.Debug|x64.ActiveCfg = Debug|Any CPU
		{C0A7D585-0C3A-4E48-AE42-5B08981EEACA}.Debug|x64.Build.0 = Debug|Any CPU
		{C0A7D585-0C3A-4E48-AE42-5B08981EEACA}.Debug|x86.ActiveCfg = Debug|Any CPU
		{C0A7D585-0C3A-4E48-AE42-5B08981EEACA}.Debug|x86.Build.0 = Debug|Any CPU
		{C0A7D585-0C3A-4E48-AE42-5B08981EEACA}.Release|Any CPU.ActiveCfg = Release|Any CPU
		{C0A7D585-0C3A-4E48-AE42-5B08981EEACA}.Release|Any CPU.Build.0 = Release|Any CPU
		{C0A7D585-0C3A-4E48-AE42-5B08981EEACA}.Release|ARM.ActiveCfg = Release|Any CPU
		{C0A7D585-0C3A-4E48-AE42-5B08981EEACA}.Release|ARM.Build.0 = Release|Any CPU
		{C0A7D585-0C3A-4E48-AE42-5B08981EEACA}.Release|x64.ActiveCfg = Release|Any CPU
		{C0A7D585-0C3A-4E48-AE42-5B08981EEACA}.Release|x64.Build.0 = Release|Any CPU
		{C0A7D585-0C3A-4E48-AE42-5B08981EEACA}.Release|x86.ActiveCfg = Release|Any CPU
		{C0A7D585-0C3A-4E48-AE42-5B08981EEACA}.Release|x86.Build.0 = Release|Any CPU
		{3663D1DF-87E7-4E39-8D45-D77C2391EA61}.Debug|Any CPU.ActiveCfg = Debug|Any CPU
		{3663D1DF-87E7-4E39-8D45-D77C2391EA61}.Debug|Any CPU.Build.0 = Debug|Any CPU
		{3663D1DF-87E7-4E39-8D45-D77C2391EA61}.Debug|ARM.ActiveCfg = Debug|Any CPU
		{3663D1DF-87E7-4E39-8D45-D77C2391EA61}.Debug|ARM.Build.0 = Debug|Any CPU
		{3663D1DF-87E7-4E39-8D45-D77C2391EA61}.Debug|x64.ActiveCfg = Debug|Any CPU
		{3663D1DF-87E7-4E39-8D45-D77C2391EA61}.Debug|x64.Build.0 = Debug|Any CPU
		{3663D1DF-87E7-4E39-8D45-D77C2391EA61}.Debug|x86.ActiveCfg = Debug|Any CPU
		{3663D1DF-87E7-4E39-8D45-D77C2391EA61}.Debug|x86.Build.0 = Debug|Any CPU
		{3663D1DF-87E7-4E39-8D45-D77C2391EA61}.Release|Any CPU.ActiveCfg = Release|Any CPU
		{3663D1DF-87E7-4E39-8D45-D77C2391EA61}.Release|Any CPU.Build.0 = Release|Any CPU
		{3663D1DF-87E7-4E39-8D45-D77C2391EA61}.Release|ARM.ActiveCfg = Release|Any CPU
		{3663D1DF-87E7-4E39-8D45-D77C2391EA61}.Release|ARM.Build.0 = Release|Any CPU
		{3663D1DF-87E7-4E39-8D45-D77C2391EA61}.Release|x64.ActiveCfg = Release|Any CPU
		{3663D1DF-87E7-4E39-8D45-D77C2391EA61}.Release|x64.Build.0 = Release|Any CPU
		{3663D1DF-87E7-4E39-8D45-D77C2391EA61}.Release|x86.ActiveCfg = Release|Any CPU
		{3663D1DF-87E7-4E39-8D45-D77C2391EA61}.Release|x86.Build.0 = Release|Any CPU
		{B12CCEA4-5D5E-4850-9A10-B85A6F67D5D1}.Debug|Any CPU.ActiveCfg = Debug|Any CPU
		{B12CCEA4-5D5E-4850-9A10-B85A6F67D5D1}.Debug|Any CPU.Build.0 = Debug|Any CPU
		{B12CCEA4-5D5E-4850-9A10-B85A6F67D5D1}.Debug|ARM.ActiveCfg = Debug|Any CPU
		{B12CCEA4-5D5E-4850-9A10-B85A6F67D5D1}.Debug|ARM.Build.0 = Debug|Any CPU
		{B12CCEA4-5D5E-4850-9A10-B85A6F67D5D1}.Debug|x64.ActiveCfg = Debug|Any CPU
		{B12CCEA4-5D5E-4850-9A10-B85A6F67D5D1}.Debug|x64.Build.0 = Debug|Any CPU
		{B12CCEA4-5D5E-4850-9A10-B85A6F67D5D1}.Debug|x86.ActiveCfg = Debug|Any CPU
		{B12CCEA4-5D5E-4850-9A10-B85A6F67D5D1}.Debug|x86.Build.0 = Debug|Any CPU
		{B12CCEA4-5D5E-4850-9A10-B85A6F67D5D1}.Release|Any CPU.ActiveCfg = Release|Any CPU
		{B12CCEA4-5D5E-4850-9A10-B85A6F67D5D1}.Release|Any CPU.Build.0 = Release|Any CPU
		{B12CCEA4-5D5E-4850-9A10-B85A6F67D5D1}.Release|ARM.ActiveCfg = Release|Any CPU
		{B12CCEA4-5D5E-4850-9A10-B85A6F67D5D1}.Release|ARM.Build.0 = Release|Any CPU
		{B12CCEA4-5D5E-4850-9A10-B85A6F67D5D1}.Release|x64.ActiveCfg = Release|Any CPU
		{B12CCEA4-5D5E-4850-9A10-B85A6F67D5D1}.Release|x64.Build.0 = Release|Any CPU
		{B12CCEA4-5D5E-4850-9A10-B85A6F67D5D1}.Release|x86.ActiveCfg = Release|Any CPU
		{B12CCEA4-5D5E-4850-9A10-B85A6F67D5D1}.Release|x86.Build.0 = Release|Any CPU
		{9E78EAF2-38F0-4E5A-8D73-36768556BF47}.Debug|Any CPU.ActiveCfg = Debug|Any CPU
		{9E78EAF2-38F0-4E5A-8D73-36768556BF47}.Debug|Any CPU.Build.0 = Debug|Any CPU
		{9E78EAF2-38F0-4E5A-8D73-36768556BF47}.Debug|ARM.ActiveCfg = Debug|Any CPU
		{9E78EAF2-38F0-4E5A-8D73-36768556BF47}.Debug|ARM.Build.0 = Debug|Any CPU
		{9E78EAF2-38F0-4E5A-8D73-36768556BF47}.Debug|x64.ActiveCfg = Debug|Any CPU
		{9E78EAF2-38F0-4E5A-8D73-36768556BF47}.Debug|x64.Build.0 = Debug|Any CPU
		{9E78EAF2-38F0-4E5A-8D73-36768556BF47}.Debug|x86.ActiveCfg = Debug|Any CPU
		{9E78EAF2-38F0-4E5A-8D73-36768556BF47}.Debug|x86.Build.0 = Debug|Any CPU
		{9E78EAF2-38F0-4E5A-8D73-36768556BF47}.Release|Any CPU.ActiveCfg = Release|Any CPU
		{9E78EAF2-38F0-4E5A-8D73-36768556BF47}.Release|Any CPU.Build.0 = Release|Any CPU
		{9E78EAF2-38F0-4E5A-8D73-36768556BF47}.Release|ARM.ActiveCfg = Release|Any CPU
		{9E78EAF2-38F0-4E5A-8D73-36768556BF47}.Release|ARM.Build.0 = Release|Any CPU
		{9E78EAF2-38F0-4E5A-8D73-36768556BF47}.Release|x64.ActiveCfg = Release|Any CPU
		{9E78EAF2-38F0-4E5A-8D73-36768556BF47}.Release|x64.Build.0 = Release|Any CPU
		{9E78EAF2-38F0-4E5A-8D73-36768556BF47}.Release|x86.ActiveCfg = Release|Any CPU
		{9E78EAF2-38F0-4E5A-8D73-36768556BF47}.Release|x86.Build.0 = Release|Any CPU
		{5F105D7A-2F5F-4E1B-9CC1-985E160F04D7}.Debug|Any CPU.ActiveCfg = Debug|Any CPU
		{5F105D7A-2F5F-4E1B-9CC1-985E160F04D7}.Debug|Any CPU.Build.0 = Debug|Any CPU
		{5F105D7A-2F5F-4E1B-9CC1-985E160F04D7}.Debug|ARM.ActiveCfg = Debug|Any CPU
		{5F105D7A-2F5F-4E1B-9CC1-985E160F04D7}.Debug|ARM.Build.0 = Debug|Any CPU
		{5F105D7A-2F5F-4E1B-9CC1-985E160F04D7}.Debug|x64.ActiveCfg = Debug|Any CPU
		{5F105D7A-2F5F-4E1B-9CC1-985E160F04D7}.Debug|x64.Build.0 = Debug|Any CPU
		{5F105D7A-2F5F-4E1B-9CC1-985E160F04D7}.Debug|x86.ActiveCfg = Debug|Any CPU
		{5F105D7A-2F5F-4E1B-9CC1-985E160F04D7}.Debug|x86.Build.0 = Debug|Any CPU
		{5F105D7A-2F5F-4E1B-9CC1-985E160F04D7}.Release|Any CPU.ActiveCfg = Release|Any CPU
		{5F105D7A-2F5F-4E1B-9CC1-985E160F04D7}.Release|Any CPU.Build.0 = Release|Any CPU
		{5F105D7A-2F5F-4E1B-9CC1-985E160F04D7}.Release|ARM.ActiveCfg = Release|Any CPU
		{5F105D7A-2F5F-4E1B-9CC1-985E160F04D7}.Release|ARM.Build.0 = Release|Any CPU
		{5F105D7A-2F5F-4E1B-9CC1-985E160F04D7}.Release|x64.ActiveCfg = Release|Any CPU
		{5F105D7A-2F5F-4E1B-9CC1-985E160F04D7}.Release|x64.Build.0 = Release|Any CPU
		{5F105D7A-2F5F-4E1B-9CC1-985E160F04D7}.Release|x86.ActiveCfg = Release|Any CPU
		{5F105D7A-2F5F-4E1B-9CC1-985E160F04D7}.Release|x86.Build.0 = Release|Any CPU
		{BBBA33DC-EEFF-4A30-ADFF-4CAD15ECF1FF}.Debug|Any CPU.ActiveCfg = Debug|Any CPU
		{BBBA33DC-EEFF-4A30-ADFF-4CAD15ECF1FF}.Debug|Any CPU.Build.0 = Debug|Any CPU
		{BBBA33DC-EEFF-4A30-ADFF-4CAD15ECF1FF}.Debug|ARM.ActiveCfg = Debug|Any CPU
		{BBBA33DC-EEFF-4A30-ADFF-4CAD15ECF1FF}.Debug|ARM.Build.0 = Debug|Any CPU
		{BBBA33DC-EEFF-4A30-ADFF-4CAD15ECF1FF}.Debug|x64.ActiveCfg = Debug|Any CPU
		{BBBA33DC-EEFF-4A30-ADFF-4CAD15ECF1FF}.Debug|x64.Build.0 = Debug|Any CPU
		{BBBA33DC-EEFF-4A30-ADFF-4CAD15ECF1FF}.Debug|x86.ActiveCfg = Debug|Any CPU
		{BBBA33DC-EEFF-4A30-ADFF-4CAD15ECF1FF}.Debug|x86.Build.0 = Debug|Any CPU
		{BBBA33DC-EEFF-4A30-ADFF-4CAD15ECF1FF}.Release|Any CPU.ActiveCfg = Release|Any CPU
		{BBBA33DC-EEFF-4A30-ADFF-4CAD15ECF1FF}.Release|Any CPU.Build.0 = Release|Any CPU
		{BBBA33DC-EEFF-4A30-ADFF-4CAD15ECF1FF}.Release|ARM.ActiveCfg = Release|Any CPU
		{BBBA33DC-EEFF-4A30-ADFF-4CAD15ECF1FF}.Release|ARM.Build.0 = Release|Any CPU
		{BBBA33DC-EEFF-4A30-ADFF-4CAD15ECF1FF}.Release|x64.ActiveCfg = Release|Any CPU
		{BBBA33DC-EEFF-4A30-ADFF-4CAD15ECF1FF}.Release|x64.Build.0 = Release|Any CPU
		{BBBA33DC-EEFF-4A30-ADFF-4CAD15ECF1FF}.Release|x86.ActiveCfg = Release|Any CPU
		{BBBA33DC-EEFF-4A30-ADFF-4CAD15ECF1FF}.Release|x86.Build.0 = Release|Any CPU
		{27356142-EA83-4FC4-AE09-EC5AE018575A}.Debug|Any CPU.ActiveCfg = Debug|Any CPU
		{27356142-EA83-4FC4-AE09-EC5AE018575A}.Debug|Any CPU.Build.0 = Debug|Any CPU
		{27356142-EA83-4FC4-AE09-EC5AE018575A}.Debug|ARM.ActiveCfg = Debug|Any CPU
		{27356142-EA83-4FC4-AE09-EC5AE018575A}.Debug|ARM.Build.0 = Debug|Any CPU
		{27356142-EA83-4FC4-AE09-EC5AE018575A}.Debug|x64.ActiveCfg = Debug|Any CPU
		{27356142-EA83-4FC4-AE09-EC5AE018575A}.Debug|x64.Build.0 = Debug|Any CPU
		{27356142-EA83-4FC4-AE09-EC5AE018575A}.Debug|x86.ActiveCfg = Debug|Any CPU
		{27356142-EA83-4FC4-AE09-EC5AE018575A}.Debug|x86.Build.0 = Debug|Any CPU
		{27356142-EA83-4FC4-AE09-EC5AE018575A}.Release|Any CPU.ActiveCfg = Release|Any CPU
		{27356142-EA83-4FC4-AE09-EC5AE018575A}.Release|Any CPU.Build.0 = Release|Any CPU
		{27356142-EA83-4FC4-AE09-EC5AE018575A}.Release|ARM.ActiveCfg = Release|Any CPU
		{27356142-EA83-4FC4-AE09-EC5AE018575A}.Release|ARM.Build.0 = Release|Any CPU
		{27356142-EA83-4FC4-AE09-EC5AE018575A}.Release|x64.ActiveCfg = Release|Any CPU
		{27356142-EA83-4FC4-AE09-EC5AE018575A}.Release|x64.Build.0 = Release|Any CPU
		{27356142-EA83-4FC4-AE09-EC5AE018575A}.Release|x86.ActiveCfg = Release|Any CPU
		{27356142-EA83-4FC4-AE09-EC5AE018575A}.Release|x86.Build.0 = Release|Any CPU
		{BF41A837-B7A1-44FF-B270-A7C2360CB978}.Debug|Any CPU.ActiveCfg = Debug|Any CPU
		{BF41A837-B7A1-44FF-B270-A7C2360CB978}.Debug|Any CPU.Build.0 = Debug|Any CPU
		{BF41A837-B7A1-44FF-B270-A7C2360CB978}.Debug|ARM.ActiveCfg = Debug|Any CPU
		{BF41A837-B7A1-44FF-B270-A7C2360CB978}.Debug|ARM.Build.0 = Debug|Any CPU
		{BF41A837-B7A1-44FF-B270-A7C2360CB978}.Debug|x64.ActiveCfg = Debug|Any CPU
		{BF41A837-B7A1-44FF-B270-A7C2360CB978}.Debug|x64.Build.0 = Debug|Any CPU
		{BF41A837-B7A1-44FF-B270-A7C2360CB978}.Debug|x86.ActiveCfg = Debug|Any CPU
		{BF41A837-B7A1-44FF-B270-A7C2360CB978}.Debug|x86.Build.0 = Debug|Any CPU
		{BF41A837-B7A1-44FF-B270-A7C2360CB978}.Release|Any CPU.ActiveCfg = Release|Any CPU
		{BF41A837-B7A1-44FF-B270-A7C2360CB978}.Release|Any CPU.Build.0 = Release|Any CPU
		{BF41A837-B7A1-44FF-B270-A7C2360CB978}.Release|ARM.ActiveCfg = Release|Any CPU
		{BF41A837-B7A1-44FF-B270-A7C2360CB978}.Release|ARM.Build.0 = Release|Any CPU
		{BF41A837-B7A1-44FF-B270-A7C2360CB978}.Release|x64.ActiveCfg = Release|Any CPU
		{BF41A837-B7A1-44FF-B270-A7C2360CB978}.Release|x64.Build.0 = Release|Any CPU
		{BF41A837-B7A1-44FF-B270-A7C2360CB978}.Release|x86.ActiveCfg = Release|Any CPU
		{BF41A837-B7A1-44FF-B270-A7C2360CB978}.Release|x86.Build.0 = Release|Any CPU
		{E96CB49C-8AA8-4CBC-B143-4C4DA11998F5}.Debug|Any CPU.ActiveCfg = Debug|Any CPU
		{E96CB49C-8AA8-4CBC-B143-4C4DA11998F5}.Debug|Any CPU.Build.0 = Debug|Any CPU
		{E96CB49C-8AA8-4CBC-B143-4C4DA11998F5}.Debug|ARM.ActiveCfg = Debug|Any CPU
		{E96CB49C-8AA8-4CBC-B143-4C4DA11998F5}.Debug|ARM.Build.0 = Debug|Any CPU
		{E96CB49C-8AA8-4CBC-B143-4C4DA11998F5}.Debug|x64.ActiveCfg = Debug|Any CPU
		{E96CB49C-8AA8-4CBC-B143-4C4DA11998F5}.Debug|x64.Build.0 = Debug|Any CPU
		{E96CB49C-8AA8-4CBC-B143-4C4DA11998F5}.Debug|x86.ActiveCfg = Debug|Any CPU
		{E96CB49C-8AA8-4CBC-B143-4C4DA11998F5}.Debug|x86.Build.0 = Debug|Any CPU
		{E96CB49C-8AA8-4CBC-B143-4C4DA11998F5}.Release|Any CPU.ActiveCfg = Release|Any CPU
		{E96CB49C-8AA8-4CBC-B143-4C4DA11998F5}.Release|Any CPU.Build.0 = Release|Any CPU
		{E96CB49C-8AA8-4CBC-B143-4C4DA11998F5}.Release|ARM.ActiveCfg = Release|Any CPU
		{E96CB49C-8AA8-4CBC-B143-4C4DA11998F5}.Release|ARM.Build.0 = Release|Any CPU
		{E96CB49C-8AA8-4CBC-B143-4C4DA11998F5}.Release|x64.ActiveCfg = Release|Any CPU
		{E96CB49C-8AA8-4CBC-B143-4C4DA11998F5}.Release|x64.Build.0 = Release|Any CPU
		{E96CB49C-8AA8-4CBC-B143-4C4DA11998F5}.Release|x86.ActiveCfg = Release|Any CPU
		{E96CB49C-8AA8-4CBC-B143-4C4DA11998F5}.Release|x86.Build.0 = Release|Any CPU
		{33362BF8-424A-4E56-A064-003E0C03E44F}.Debug|Any CPU.ActiveCfg = Debug|Any CPU
		{33362BF8-424A-4E56-A064-003E0C03E44F}.Debug|Any CPU.Build.0 = Debug|Any CPU
		{33362BF8-424A-4E56-A064-003E0C03E44F}.Debug|ARM.ActiveCfg = Debug|Any CPU
		{33362BF8-424A-4E56-A064-003E0C03E44F}.Debug|ARM.Build.0 = Debug|Any CPU
		{33362BF8-424A-4E56-A064-003E0C03E44F}.Debug|x64.ActiveCfg = Debug|Any CPU
		{33362BF8-424A-4E56-A064-003E0C03E44F}.Debug|x64.Build.0 = Debug|Any CPU
		{33362BF8-424A-4E56-A064-003E0C03E44F}.Debug|x86.ActiveCfg = Debug|Any CPU
		{33362BF8-424A-4E56-A064-003E0C03E44F}.Debug|x86.Build.0 = Debug|Any CPU
		{33362BF8-424A-4E56-A064-003E0C03E44F}.Release|Any CPU.ActiveCfg = Release|Any CPU
		{33362BF8-424A-4E56-A064-003E0C03E44F}.Release|Any CPU.Build.0 = Release|Any CPU
		{33362BF8-424A-4E56-A064-003E0C03E44F}.Release|ARM.ActiveCfg = Release|Any CPU
		{33362BF8-424A-4E56-A064-003E0C03E44F}.Release|ARM.Build.0 = Release|Any CPU
		{33362BF8-424A-4E56-A064-003E0C03E44F}.Release|x64.ActiveCfg = Release|Any CPU
		{33362BF8-424A-4E56-A064-003E0C03E44F}.Release|x64.Build.0 = Release|Any CPU
		{33362BF8-424A-4E56-A064-003E0C03E44F}.Release|x86.ActiveCfg = Release|Any CPU
		{33362BF8-424A-4E56-A064-003E0C03E44F}.Release|x86.Build.0 = Release|Any CPU
		{6A444F43-06ED-4914-A334-E2784F2D6EEF}.Debug|Any CPU.ActiveCfg = Debug|Any CPU
		{6A444F43-06ED-4914-A334-E2784F2D6EEF}.Debug|Any CPU.Build.0 = Debug|Any CPU
		{6A444F43-06ED-4914-A334-E2784F2D6EEF}.Debug|ARM.ActiveCfg = Debug|Any CPU
		{6A444F43-06ED-4914-A334-E2784F2D6EEF}.Debug|ARM.Build.0 = Debug|Any CPU
		{6A444F43-06ED-4914-A334-E2784F2D6EEF}.Debug|x64.ActiveCfg = Debug|Any CPU
		{6A444F43-06ED-4914-A334-E2784F2D6EEF}.Debug|x64.Build.0 = Debug|Any CPU
		{6A444F43-06ED-4914-A334-E2784F2D6EEF}.Debug|x86.ActiveCfg = Debug|Any CPU
		{6A444F43-06ED-4914-A334-E2784F2D6EEF}.Debug|x86.Build.0 = Debug|Any CPU
		{6A444F43-06ED-4914-A334-E2784F2D6EEF}.Release|Any CPU.ActiveCfg = Release|Any CPU
		{6A444F43-06ED-4914-A334-E2784F2D6EEF}.Release|Any CPU.Build.0 = Release|Any CPU
		{6A444F43-06ED-4914-A334-E2784F2D6EEF}.Release|ARM.ActiveCfg = Release|Any CPU
		{6A444F43-06ED-4914-A334-E2784F2D6EEF}.Release|ARM.Build.0 = Release|Any CPU
		{6A444F43-06ED-4914-A334-E2784F2D6EEF}.Release|x64.ActiveCfg = Release|Any CPU
		{6A444F43-06ED-4914-A334-E2784F2D6EEF}.Release|x64.Build.0 = Release|Any CPU
		{6A444F43-06ED-4914-A334-E2784F2D6EEF}.Release|x86.ActiveCfg = Release|Any CPU
		{6A444F43-06ED-4914-A334-E2784F2D6EEF}.Release|x86.Build.0 = Release|Any CPU
		{9C4F4068-239F-4432-8514-288202D741FC}.Debug|Any CPU.ActiveCfg = Debug|Any CPU
		{9C4F4068-239F-4432-8514-288202D741FC}.Debug|Any CPU.Build.0 = Debug|Any CPU
		{9C4F4068-239F-4432-8514-288202D741FC}.Debug|ARM.ActiveCfg = Debug|Any CPU
		{9C4F4068-239F-4432-8514-288202D741FC}.Debug|ARM.Build.0 = Debug|Any CPU
		{9C4F4068-239F-4432-8514-288202D741FC}.Debug|x64.ActiveCfg = Debug|Any CPU
		{9C4F4068-239F-4432-8514-288202D741FC}.Debug|x64.Build.0 = Debug|Any CPU
		{9C4F4068-239F-4432-8514-288202D741FC}.Debug|x86.ActiveCfg = Debug|Any CPU
		{9C4F4068-239F-4432-8514-288202D741FC}.Debug|x86.Build.0 = Debug|Any CPU
		{9C4F4068-239F-4432-8514-288202D741FC}.Release|Any CPU.ActiveCfg = Release|Any CPU
		{9C4F4068-239F-4432-8514-288202D741FC}.Release|Any CPU.Build.0 = Release|Any CPU
		{9C4F4068-239F-4432-8514-288202D741FC}.Release|ARM.ActiveCfg = Release|Any CPU
		{9C4F4068-239F-4432-8514-288202D741FC}.Release|ARM.Build.0 = Release|Any CPU
		{9C4F4068-239F-4432-8514-288202D741FC}.Release|x64.ActiveCfg = Release|Any CPU
		{9C4F4068-239F-4432-8514-288202D741FC}.Release|x64.Build.0 = Release|Any CPU
		{9C4F4068-239F-4432-8514-288202D741FC}.Release|x86.ActiveCfg = Release|Any CPU
		{9C4F4068-239F-4432-8514-288202D741FC}.Release|x86.Build.0 = Release|Any CPU
		{5EAE38BD-B9D8-41B7-BFF9-A6AA7F3218BD}.Debug|Any CPU.ActiveCfg = Debug|Any CPU
		{5EAE38BD-B9D8-41B7-BFF9-A6AA7F3218BD}.Debug|Any CPU.Build.0 = Debug|Any CPU
		{5EAE38BD-B9D8-41B7-BFF9-A6AA7F3218BD}.Debug|ARM.ActiveCfg = Debug|Any CPU
		{5EAE38BD-B9D8-41B7-BFF9-A6AA7F3218BD}.Debug|ARM.Build.0 = Debug|Any CPU
		{5EAE38BD-B9D8-41B7-BFF9-A6AA7F3218BD}.Debug|x64.ActiveCfg = Debug|Any CPU
		{5EAE38BD-B9D8-41B7-BFF9-A6AA7F3218BD}.Debug|x64.Build.0 = Debug|Any CPU
		{5EAE38BD-B9D8-41B7-BFF9-A6AA7F3218BD}.Debug|x86.ActiveCfg = Debug|Any CPU
		{5EAE38BD-B9D8-41B7-BFF9-A6AA7F3218BD}.Debug|x86.Build.0 = Debug|Any CPU
		{5EAE38BD-B9D8-41B7-BFF9-A6AA7F3218BD}.Release|Any CPU.ActiveCfg = Release|Any CPU
		{5EAE38BD-B9D8-41B7-BFF9-A6AA7F3218BD}.Release|Any CPU.Build.0 = Release|Any CPU
		{5EAE38BD-B9D8-41B7-BFF9-A6AA7F3218BD}.Release|ARM.ActiveCfg = Release|Any CPU
		{5EAE38BD-B9D8-41B7-BFF9-A6AA7F3218BD}.Release|ARM.Build.0 = Release|Any CPU
		{5EAE38BD-B9D8-41B7-BFF9-A6AA7F3218BD}.Release|x64.ActiveCfg = Release|Any CPU
		{5EAE38BD-B9D8-41B7-BFF9-A6AA7F3218BD}.Release|x64.Build.0 = Release|Any CPU
		{5EAE38BD-B9D8-41B7-BFF9-A6AA7F3218BD}.Release|x86.ActiveCfg = Release|Any CPU
		{5EAE38BD-B9D8-41B7-BFF9-A6AA7F3218BD}.Release|x86.Build.0 = Release|Any CPU
		{B78630BE-55D6-478E-8D3F-02C5A1C8896F}.Debug|Any CPU.ActiveCfg = Debug|Any CPU
		{B78630BE-55D6-478E-8D3F-02C5A1C8896F}.Debug|Any CPU.Build.0 = Debug|Any CPU
		{B78630BE-55D6-478E-8D3F-02C5A1C8896F}.Debug|ARM.ActiveCfg = Debug|Any CPU
		{B78630BE-55D6-478E-8D3F-02C5A1C8896F}.Debug|ARM.Build.0 = Debug|Any CPU
		{B78630BE-55D6-478E-8D3F-02C5A1C8896F}.Debug|x64.ActiveCfg = Debug|Any CPU
		{B78630BE-55D6-478E-8D3F-02C5A1C8896F}.Debug|x64.Build.0 = Debug|Any CPU
		{B78630BE-55D6-478E-8D3F-02C5A1C8896F}.Debug|x86.ActiveCfg = Debug|Any CPU
		{B78630BE-55D6-478E-8D3F-02C5A1C8896F}.Debug|x86.Build.0 = Debug|Any CPU
		{B78630BE-55D6-478E-8D3F-02C5A1C8896F}.Release|Any CPU.ActiveCfg = Release|Any CPU
		{B78630BE-55D6-478E-8D3F-02C5A1C8896F}.Release|Any CPU.Build.0 = Release|Any CPU
		{B78630BE-55D6-478E-8D3F-02C5A1C8896F}.Release|ARM.ActiveCfg = Release|Any CPU
		{B78630BE-55D6-478E-8D3F-02C5A1C8896F}.Release|ARM.Build.0 = Release|Any CPU
		{B78630BE-55D6-478E-8D3F-02C5A1C8896F}.Release|x64.ActiveCfg = Release|Any CPU
		{B78630BE-55D6-478E-8D3F-02C5A1C8896F}.Release|x64.Build.0 = Release|Any CPU
		{B78630BE-55D6-478E-8D3F-02C5A1C8896F}.Release|x86.ActiveCfg = Release|Any CPU
		{B78630BE-55D6-478E-8D3F-02C5A1C8896F}.Release|x86.Build.0 = Release|Any CPU
		{141073E7-A5F7-4000-A11A-DBF5ACDEFD15}.Debug|Any CPU.ActiveCfg = Debug|Any CPU
		{141073E7-A5F7-4000-A11A-DBF5ACDEFD15}.Debug|Any CPU.Build.0 = Debug|Any CPU
		{141073E7-A5F7-4000-A11A-DBF5ACDEFD15}.Debug|ARM.ActiveCfg = Debug|Any CPU
		{141073E7-A5F7-4000-A11A-DBF5ACDEFD15}.Debug|ARM.Build.0 = Debug|Any CPU
		{141073E7-A5F7-4000-A11A-DBF5ACDEFD15}.Debug|x64.ActiveCfg = Debug|Any CPU
		{141073E7-A5F7-4000-A11A-DBF5ACDEFD15}.Debug|x64.Build.0 = Debug|Any CPU
		{141073E7-A5F7-4000-A11A-DBF5ACDEFD15}.Debug|x86.ActiveCfg = Debug|Any CPU
		{141073E7-A5F7-4000-A11A-DBF5ACDEFD15}.Debug|x86.Build.0 = Debug|Any CPU
		{141073E7-A5F7-4000-A11A-DBF5ACDEFD15}.Release|Any CPU.ActiveCfg = Release|Any CPU
		{141073E7-A5F7-4000-A11A-DBF5ACDEFD15}.Release|Any CPU.Build.0 = Release|Any CPU
		{141073E7-A5F7-4000-A11A-DBF5ACDEFD15}.Release|ARM.ActiveCfg = Release|Any CPU
		{141073E7-A5F7-4000-A11A-DBF5ACDEFD15}.Release|ARM.Build.0 = Release|Any CPU
		{141073E7-A5F7-4000-A11A-DBF5ACDEFD15}.Release|x64.ActiveCfg = Release|Any CPU
		{141073E7-A5F7-4000-A11A-DBF5ACDEFD15}.Release|x64.Build.0 = Release|Any CPU
		{141073E7-A5F7-4000-A11A-DBF5ACDEFD15}.Release|x86.ActiveCfg = Release|Any CPU
		{141073E7-A5F7-4000-A11A-DBF5ACDEFD15}.Release|x86.Build.0 = Release|Any CPU
		{5C205A26-F4F2-48A8-8E4E-F07EE7FAE74E}.Debug|Any CPU.ActiveCfg = Debug|Any CPU
		{5C205A26-F4F2-48A8-8E4E-F07EE7FAE74E}.Debug|Any CPU.Build.0 = Debug|Any CPU
		{5C205A26-F4F2-48A8-8E4E-F07EE7FAE74E}.Debug|ARM.ActiveCfg = Debug|Any CPU
		{5C205A26-F4F2-48A8-8E4E-F07EE7FAE74E}.Debug|ARM.Build.0 = Debug|Any CPU
		{5C205A26-F4F2-48A8-8E4E-F07EE7FAE74E}.Debug|x64.ActiveCfg = Debug|Any CPU
		{5C205A26-F4F2-48A8-8E4E-F07EE7FAE74E}.Debug|x64.Build.0 = Debug|Any CPU
		{5C205A26-F4F2-48A8-8E4E-F07EE7FAE74E}.Debug|x86.ActiveCfg = Debug|Any CPU
		{5C205A26-F4F2-48A8-8E4E-F07EE7FAE74E}.Debug|x86.Build.0 = Debug|Any CPU
		{5C205A26-F4F2-48A8-8E4E-F07EE7FAE74E}.Release|Any CPU.ActiveCfg = Release|Any CPU
		{5C205A26-F4F2-48A8-8E4E-F07EE7FAE74E}.Release|Any CPU.Build.0 = Release|Any CPU
		{5C205A26-F4F2-48A8-8E4E-F07EE7FAE74E}.Release|ARM.ActiveCfg = Release|Any CPU
		{5C205A26-F4F2-48A8-8E4E-F07EE7FAE74E}.Release|ARM.Build.0 = Release|Any CPU
		{5C205A26-F4F2-48A8-8E4E-F07EE7FAE74E}.Release|x64.ActiveCfg = Release|Any CPU
		{5C205A26-F4F2-48A8-8E4E-F07EE7FAE74E}.Release|x64.Build.0 = Release|Any CPU
		{5C205A26-F4F2-48A8-8E4E-F07EE7FAE74E}.Release|x86.ActiveCfg = Release|Any CPU
		{5C205A26-F4F2-48A8-8E4E-F07EE7FAE74E}.Release|x86.Build.0 = Release|Any CPU
		{68FA884F-0606-4AE8-815C-B2CEE3866EE9}.Debug|Any CPU.ActiveCfg = Debug|Any CPU
		{68FA884F-0606-4AE8-815C-B2CEE3866EE9}.Debug|Any CPU.Build.0 = Debug|Any CPU
		{68FA884F-0606-4AE8-815C-B2CEE3866EE9}.Debug|ARM.ActiveCfg = Debug|Any CPU
		{68FA884F-0606-4AE8-815C-B2CEE3866EE9}.Debug|ARM.Build.0 = Debug|Any CPU
		{68FA884F-0606-4AE8-815C-B2CEE3866EE9}.Debug|x64.ActiveCfg = Debug|Any CPU
		{68FA884F-0606-4AE8-815C-B2CEE3866EE9}.Debug|x64.Build.0 = Debug|Any CPU
		{68FA884F-0606-4AE8-815C-B2CEE3866EE9}.Debug|x86.ActiveCfg = Debug|Any CPU
		{68FA884F-0606-4AE8-815C-B2CEE3866EE9}.Debug|x86.Build.0 = Debug|Any CPU
		{68FA884F-0606-4AE8-815C-B2CEE3866EE9}.Release|Any CPU.ActiveCfg = Release|Any CPU
		{68FA884F-0606-4AE8-815C-B2CEE3866EE9}.Release|Any CPU.Build.0 = Release|Any CPU
		{68FA884F-0606-4AE8-815C-B2CEE3866EE9}.Release|ARM.ActiveCfg = Release|Any CPU
		{68FA884F-0606-4AE8-815C-B2CEE3866EE9}.Release|ARM.Build.0 = Release|Any CPU
		{68FA884F-0606-4AE8-815C-B2CEE3866EE9}.Release|x64.ActiveCfg = Release|Any CPU
		{68FA884F-0606-4AE8-815C-B2CEE3866EE9}.Release|x64.Build.0 = Release|Any CPU
		{68FA884F-0606-4AE8-815C-B2CEE3866EE9}.Release|x86.ActiveCfg = Release|Any CPU
		{68FA884F-0606-4AE8-815C-B2CEE3866EE9}.Release|x86.Build.0 = Release|Any CPU
		{7CCD7879-DC5F-485C-A54C-AEC4980130EB}.Debug|Any CPU.ActiveCfg = Debug|Any CPU
		{7CCD7879-DC5F-485C-A54C-AEC4980130EB}.Debug|Any CPU.Build.0 = Debug|Any CPU
		{7CCD7879-DC5F-485C-A54C-AEC4980130EB}.Debug|ARM.ActiveCfg = Debug|Any CPU
		{7CCD7879-DC5F-485C-A54C-AEC4980130EB}.Debug|ARM.Build.0 = Debug|Any CPU
		{7CCD7879-DC5F-485C-A54C-AEC4980130EB}.Debug|x64.ActiveCfg = Debug|Any CPU
		{7CCD7879-DC5F-485C-A54C-AEC4980130EB}.Debug|x64.Build.0 = Debug|Any CPU
		{7CCD7879-DC5F-485C-A54C-AEC4980130EB}.Debug|x86.ActiveCfg = Debug|Any CPU
		{7CCD7879-DC5F-485C-A54C-AEC4980130EB}.Debug|x86.Build.0 = Debug|Any CPU
		{7CCD7879-DC5F-485C-A54C-AEC4980130EB}.Release|Any CPU.ActiveCfg = Release|Any CPU
		{7CCD7879-DC5F-485C-A54C-AEC4980130EB}.Release|Any CPU.Build.0 = Release|Any CPU
		{7CCD7879-DC5F-485C-A54C-AEC4980130EB}.Release|ARM.ActiveCfg = Release|Any CPU
		{7CCD7879-DC5F-485C-A54C-AEC4980130EB}.Release|ARM.Build.0 = Release|Any CPU
		{7CCD7879-DC5F-485C-A54C-AEC4980130EB}.Release|x64.ActiveCfg = Release|Any CPU
		{7CCD7879-DC5F-485C-A54C-AEC4980130EB}.Release|x64.Build.0 = Release|Any CPU
		{7CCD7879-DC5F-485C-A54C-AEC4980130EB}.Release|x86.ActiveCfg = Release|Any CPU
		{7CCD7879-DC5F-485C-A54C-AEC4980130EB}.Release|x86.Build.0 = Release|Any CPU
		{96E00CE9-3FC1-47C7-A2EA-51BB168A605A}.Debug|Any CPU.ActiveCfg = Debug|Any CPU
		{96E00CE9-3FC1-47C7-A2EA-51BB168A605A}.Debug|Any CPU.Build.0 = Debug|Any CPU
		{96E00CE9-3FC1-47C7-A2EA-51BB168A605A}.Debug|ARM.ActiveCfg = Debug|Any CPU
		{96E00CE9-3FC1-47C7-A2EA-51BB168A605A}.Debug|ARM.Build.0 = Debug|Any CPU
		{96E00CE9-3FC1-47C7-A2EA-51BB168A605A}.Debug|x64.ActiveCfg = Debug|Any CPU
		{96E00CE9-3FC1-47C7-A2EA-51BB168A605A}.Debug|x64.Build.0 = Debug|Any CPU
		{96E00CE9-3FC1-47C7-A2EA-51BB168A605A}.Debug|x86.ActiveCfg = Debug|Any CPU
		{96E00CE9-3FC1-47C7-A2EA-51BB168A605A}.Debug|x86.Build.0 = Debug|Any CPU
		{96E00CE9-3FC1-47C7-A2EA-51BB168A605A}.Release|Any CPU.ActiveCfg = Release|Any CPU
		{96E00CE9-3FC1-47C7-A2EA-51BB168A605A}.Release|Any CPU.Build.0 = Release|Any CPU
		{96E00CE9-3FC1-47C7-A2EA-51BB168A605A}.Release|ARM.ActiveCfg = Release|Any CPU
		{96E00CE9-3FC1-47C7-A2EA-51BB168A605A}.Release|ARM.Build.0 = Release|Any CPU
		{96E00CE9-3FC1-47C7-A2EA-51BB168A605A}.Release|x64.ActiveCfg = Release|Any CPU
		{96E00CE9-3FC1-47C7-A2EA-51BB168A605A}.Release|x64.Build.0 = Release|Any CPU
		{96E00CE9-3FC1-47C7-A2EA-51BB168A605A}.Release|x86.ActiveCfg = Release|Any CPU
		{96E00CE9-3FC1-47C7-A2EA-51BB168A605A}.Release|x86.Build.0 = Release|Any CPU
		{59D021F3-2441-4DA4-A924-BF2AB3944350}.Debug|Any CPU.ActiveCfg = Debug|Any CPU
		{59D021F3-2441-4DA4-A924-BF2AB3944350}.Debug|Any CPU.Build.0 = Debug|Any CPU
		{59D021F3-2441-4DA4-A924-BF2AB3944350}.Debug|ARM.ActiveCfg = Debug|Any CPU
		{59D021F3-2441-4DA4-A924-BF2AB3944350}.Debug|ARM.Build.0 = Debug|Any CPU
		{59D021F3-2441-4DA4-A924-BF2AB3944350}.Debug|x64.ActiveCfg = Debug|Any CPU
		{59D021F3-2441-4DA4-A924-BF2AB3944350}.Debug|x64.Build.0 = Debug|Any CPU
		{59D021F3-2441-4DA4-A924-BF2AB3944350}.Debug|x86.ActiveCfg = Debug|Any CPU
		{59D021F3-2441-4DA4-A924-BF2AB3944350}.Debug|x86.Build.0 = Debug|Any CPU
		{59D021F3-2441-4DA4-A924-BF2AB3944350}.Release|Any CPU.ActiveCfg = Release|Any CPU
		{59D021F3-2441-4DA4-A924-BF2AB3944350}.Release|Any CPU.Build.0 = Release|Any CPU
		{59D021F3-2441-4DA4-A924-BF2AB3944350}.Release|ARM.ActiveCfg = Release|Any CPU
		{59D021F3-2441-4DA4-A924-BF2AB3944350}.Release|ARM.Build.0 = Release|Any CPU
		{59D021F3-2441-4DA4-A924-BF2AB3944350}.Release|x64.ActiveCfg = Release|Any CPU
		{59D021F3-2441-4DA4-A924-BF2AB3944350}.Release|x64.Build.0 = Release|Any CPU
		{59D021F3-2441-4DA4-A924-BF2AB3944350}.Release|x86.ActiveCfg = Release|Any CPU
		{59D021F3-2441-4DA4-A924-BF2AB3944350}.Release|x86.Build.0 = Release|Any CPU
		{B37886DD-0D8D-4F5A-8265-4A09A2A122ED}.Debug|Any CPU.ActiveCfg = Debug|Any CPU
		{B37886DD-0D8D-4F5A-8265-4A09A2A122ED}.Debug|Any CPU.Build.0 = Debug|Any CPU
		{B37886DD-0D8D-4F5A-8265-4A09A2A122ED}.Debug|ARM.ActiveCfg = Debug|Any CPU
		{B37886DD-0D8D-4F5A-8265-4A09A2A122ED}.Debug|ARM.Build.0 = Debug|Any CPU
		{B37886DD-0D8D-4F5A-8265-4A09A2A122ED}.Debug|x64.ActiveCfg = Debug|Any CPU
		{B37886DD-0D8D-4F5A-8265-4A09A2A122ED}.Debug|x64.Build.0 = Debug|Any CPU
		{B37886DD-0D8D-4F5A-8265-4A09A2A122ED}.Debug|x86.ActiveCfg = Debug|Any CPU
		{B37886DD-0D8D-4F5A-8265-4A09A2A122ED}.Debug|x86.Build.0 = Debug|Any CPU
		{B37886DD-0D8D-4F5A-8265-4A09A2A122ED}.Release|Any CPU.ActiveCfg = Release|Any CPU
		{B37886DD-0D8D-4F5A-8265-4A09A2A122ED}.Release|Any CPU.Build.0 = Release|Any CPU
		{B37886DD-0D8D-4F5A-8265-4A09A2A122ED}.Release|ARM.ActiveCfg = Release|Any CPU
		{B37886DD-0D8D-4F5A-8265-4A09A2A122ED}.Release|ARM.Build.0 = Release|Any CPU
		{B37886DD-0D8D-4F5A-8265-4A09A2A122ED}.Release|x64.ActiveCfg = Release|Any CPU
		{B37886DD-0D8D-4F5A-8265-4A09A2A122ED}.Release|x64.Build.0 = Release|Any CPU
		{B37886DD-0D8D-4F5A-8265-4A09A2A122ED}.Release|x86.ActiveCfg = Release|Any CPU
		{B37886DD-0D8D-4F5A-8265-4A09A2A122ED}.Release|x86.Build.0 = Release|Any CPU
		{72D47C4E-E4B4-4F5C-86CB-F2DD15597283}.Debug|Any CPU.ActiveCfg = Debug|Any CPU
		{72D47C4E-E4B4-4F5C-86CB-F2DD15597283}.Debug|Any CPU.Build.0 = Debug|Any CPU
		{72D47C4E-E4B4-4F5C-86CB-F2DD15597283}.Debug|ARM.ActiveCfg = Debug|Any CPU
		{72D47C4E-E4B4-4F5C-86CB-F2DD15597283}.Debug|ARM.Build.0 = Debug|Any CPU
		{72D47C4E-E4B4-4F5C-86CB-F2DD15597283}.Debug|x64.ActiveCfg = Debug|Any CPU
		{72D47C4E-E4B4-4F5C-86CB-F2DD15597283}.Debug|x64.Build.0 = Debug|Any CPU
		{72D47C4E-E4B4-4F5C-86CB-F2DD15597283}.Debug|x86.ActiveCfg = Debug|Any CPU
		{72D47C4E-E4B4-4F5C-86CB-F2DD15597283}.Debug|x86.Build.0 = Debug|Any CPU
		{72D47C4E-E4B4-4F5C-86CB-F2DD15597283}.Release|Any CPU.ActiveCfg = Release|Any CPU
		{72D47C4E-E4B4-4F5C-86CB-F2DD15597283}.Release|Any CPU.Build.0 = Release|Any CPU
		{72D47C4E-E4B4-4F5C-86CB-F2DD15597283}.Release|ARM.ActiveCfg = Release|Any CPU
		{72D47C4E-E4B4-4F5C-86CB-F2DD15597283}.Release|ARM.Build.0 = Release|Any CPU
		{72D47C4E-E4B4-4F5C-86CB-F2DD15597283}.Release|x64.ActiveCfg = Release|Any CPU
		{72D47C4E-E4B4-4F5C-86CB-F2DD15597283}.Release|x64.Build.0 = Release|Any CPU
		{72D47C4E-E4B4-4F5C-86CB-F2DD15597283}.Release|x86.ActiveCfg = Release|Any CPU
		{72D47C4E-E4B4-4F5C-86CB-F2DD15597283}.Release|x86.Build.0 = Release|Any CPU
		{4232FDDC-3779-410F-8A98-A32FAFF7E118}.Debug|Any CPU.ActiveCfg = Debug|Any CPU
		{4232FDDC-3779-410F-8A98-A32FAFF7E118}.Debug|Any CPU.Build.0 = Debug|Any CPU
		{4232FDDC-3779-410F-8A98-A32FAFF7E118}.Debug|ARM.ActiveCfg = Debug|Any CPU
		{4232FDDC-3779-410F-8A98-A32FAFF7E118}.Debug|ARM.Build.0 = Debug|Any CPU
		{4232FDDC-3779-410F-8A98-A32FAFF7E118}.Debug|x64.ActiveCfg = Debug|Any CPU
		{4232FDDC-3779-410F-8A98-A32FAFF7E118}.Debug|x64.Build.0 = Debug|Any CPU
		{4232FDDC-3779-410F-8A98-A32FAFF7E118}.Debug|x86.ActiveCfg = Debug|Any CPU
		{4232FDDC-3779-410F-8A98-A32FAFF7E118}.Debug|x86.Build.0 = Debug|Any CPU
		{4232FDDC-3779-410F-8A98-A32FAFF7E118}.Release|Any CPU.ActiveCfg = Release|Any CPU
		{4232FDDC-3779-410F-8A98-A32FAFF7E118}.Release|Any CPU.Build.0 = Release|Any CPU
		{4232FDDC-3779-410F-8A98-A32FAFF7E118}.Release|ARM.ActiveCfg = Release|Any CPU
		{4232FDDC-3779-410F-8A98-A32FAFF7E118}.Release|ARM.Build.0 = Release|Any CPU
		{4232FDDC-3779-410F-8A98-A32FAFF7E118}.Release|x64.ActiveCfg = Release|Any CPU
		{4232FDDC-3779-410F-8A98-A32FAFF7E118}.Release|x64.Build.0 = Release|Any CPU
		{4232FDDC-3779-410F-8A98-A32FAFF7E118}.Release|x86.ActiveCfg = Release|Any CPU
		{4232FDDC-3779-410F-8A98-A32FAFF7E118}.Release|x86.Build.0 = Release|Any CPU
		{1B810D55-6383-409E-817B-CE4E2B8734A3}.Debug|Any CPU.ActiveCfg = Debug|Any CPU
		{1B810D55-6383-409E-817B-CE4E2B8734A3}.Debug|Any CPU.Build.0 = Debug|Any CPU
		{1B810D55-6383-409E-817B-CE4E2B8734A3}.Debug|ARM.ActiveCfg = Debug|Any CPU
		{1B810D55-6383-409E-817B-CE4E2B8734A3}.Debug|ARM.Build.0 = Debug|Any CPU
		{1B810D55-6383-409E-817B-CE4E2B8734A3}.Debug|x64.ActiveCfg = Debug|Any CPU
		{1B810D55-6383-409E-817B-CE4E2B8734A3}.Debug|x64.Build.0 = Debug|Any CPU
		{1B810D55-6383-409E-817B-CE4E2B8734A3}.Debug|x86.ActiveCfg = Debug|Any CPU
		{1B810D55-6383-409E-817B-CE4E2B8734A3}.Debug|x86.Build.0 = Debug|Any CPU
		{1B810D55-6383-409E-817B-CE4E2B8734A3}.Release|Any CPU.ActiveCfg = Release|Any CPU
		{1B810D55-6383-409E-817B-CE4E2B8734A3}.Release|Any CPU.Build.0 = Release|Any CPU
		{1B810D55-6383-409E-817B-CE4E2B8734A3}.Release|ARM.ActiveCfg = Release|Any CPU
		{1B810D55-6383-409E-817B-CE4E2B8734A3}.Release|ARM.Build.0 = Release|Any CPU
		{1B810D55-6383-409E-817B-CE4E2B8734A3}.Release|x64.ActiveCfg = Release|Any CPU
		{1B810D55-6383-409E-817B-CE4E2B8734A3}.Release|x64.Build.0 = Release|Any CPU
		{1B810D55-6383-409E-817B-CE4E2B8734A3}.Release|x86.ActiveCfg = Release|Any CPU
		{1B810D55-6383-409E-817B-CE4E2B8734A3}.Release|x86.Build.0 = Release|Any CPU
		{EF9F60DB-C87B-448B-A6BD-ACB13DF51C94}.Debug|Any CPU.ActiveCfg = Debug|Any CPU
		{EF9F60DB-C87B-448B-A6BD-ACB13DF51C94}.Debug|Any CPU.Build.0 = Debug|Any CPU
		{EF9F60DB-C87B-448B-A6BD-ACB13DF51C94}.Debug|ARM.ActiveCfg = Debug|Any CPU
		{EF9F60DB-C87B-448B-A6BD-ACB13DF51C94}.Debug|ARM.Build.0 = Debug|Any CPU
		{EF9F60DB-C87B-448B-A6BD-ACB13DF51C94}.Debug|x64.ActiveCfg = Debug|Any CPU
		{EF9F60DB-C87B-448B-A6BD-ACB13DF51C94}.Debug|x64.Build.0 = Debug|Any CPU
		{EF9F60DB-C87B-448B-A6BD-ACB13DF51C94}.Debug|x86.ActiveCfg = Debug|Any CPU
		{EF9F60DB-C87B-448B-A6BD-ACB13DF51C94}.Debug|x86.Build.0 = Debug|Any CPU
		{EF9F60DB-C87B-448B-A6BD-ACB13DF51C94}.Release|Any CPU.ActiveCfg = Release|Any CPU
		{EF9F60DB-C87B-448B-A6BD-ACB13DF51C94}.Release|Any CPU.Build.0 = Release|Any CPU
		{EF9F60DB-C87B-448B-A6BD-ACB13DF51C94}.Release|ARM.ActiveCfg = Release|Any CPU
		{EF9F60DB-C87B-448B-A6BD-ACB13DF51C94}.Release|ARM.Build.0 = Release|Any CPU
		{EF9F60DB-C87B-448B-A6BD-ACB13DF51C94}.Release|x64.ActiveCfg = Release|Any CPU
		{EF9F60DB-C87B-448B-A6BD-ACB13DF51C94}.Release|x64.Build.0 = Release|Any CPU
		{EF9F60DB-C87B-448B-A6BD-ACB13DF51C94}.Release|x86.ActiveCfg = Release|Any CPU
		{EF9F60DB-C87B-448B-A6BD-ACB13DF51C94}.Release|x86.Build.0 = Release|Any CPU
		{DA4A44FA-F705-47B6-B1B5-15BD8F80D811}.Debug|Any CPU.ActiveCfg = Debug|Any CPU
		{DA4A44FA-F705-47B6-B1B5-15BD8F80D811}.Debug|Any CPU.Build.0 = Debug|Any CPU
		{DA4A44FA-F705-47B6-B1B5-15BD8F80D811}.Debug|ARM.ActiveCfg = Debug|Any CPU
		{DA4A44FA-F705-47B6-B1B5-15BD8F80D811}.Debug|ARM.Build.0 = Debug|Any CPU
		{DA4A44FA-F705-47B6-B1B5-15BD8F80D811}.Debug|x64.ActiveCfg = Debug|Any CPU
		{DA4A44FA-F705-47B6-B1B5-15BD8F80D811}.Debug|x64.Build.0 = Debug|Any CPU
		{DA4A44FA-F705-47B6-B1B5-15BD8F80D811}.Debug|x86.ActiveCfg = Debug|Any CPU
		{DA4A44FA-F705-47B6-B1B5-15BD8F80D811}.Debug|x86.Build.0 = Debug|Any CPU
		{DA4A44FA-F705-47B6-B1B5-15BD8F80D811}.Release|Any CPU.ActiveCfg = Release|Any CPU
		{DA4A44FA-F705-47B6-B1B5-15BD8F80D811}.Release|Any CPU.Build.0 = Release|Any CPU
		{DA4A44FA-F705-47B6-B1B5-15BD8F80D811}.Release|ARM.ActiveCfg = Release|Any CPU
		{DA4A44FA-F705-47B6-B1B5-15BD8F80D811}.Release|ARM.Build.0 = Release|Any CPU
		{DA4A44FA-F705-47B6-B1B5-15BD8F80D811}.Release|x64.ActiveCfg = Release|Any CPU
		{DA4A44FA-F705-47B6-B1B5-15BD8F80D811}.Release|x64.Build.0 = Release|Any CPU
		{DA4A44FA-F705-47B6-B1B5-15BD8F80D811}.Release|x86.ActiveCfg = Release|Any CPU
		{DA4A44FA-F705-47B6-B1B5-15BD8F80D811}.Release|x86.Build.0 = Release|Any CPU
		{A584516C-F8AD-4B9D-BF2F-5FC60D845B61}.Debug|Any CPU.ActiveCfg = Debug|Any CPU
		{A584516C-F8AD-4B9D-BF2F-5FC60D845B61}.Debug|Any CPU.Build.0 = Debug|Any CPU
		{A584516C-F8AD-4B9D-BF2F-5FC60D845B61}.Debug|ARM.ActiveCfg = Debug|Any CPU
		{A584516C-F8AD-4B9D-BF2F-5FC60D845B61}.Debug|ARM.Build.0 = Debug|Any CPU
		{A584516C-F8AD-4B9D-BF2F-5FC60D845B61}.Debug|x64.ActiveCfg = Debug|Any CPU
		{A584516C-F8AD-4B9D-BF2F-5FC60D845B61}.Debug|x64.Build.0 = Debug|Any CPU
		{A584516C-F8AD-4B9D-BF2F-5FC60D845B61}.Debug|x86.ActiveCfg = Debug|Any CPU
		{A584516C-F8AD-4B9D-BF2F-5FC60D845B61}.Debug|x86.Build.0 = Debug|Any CPU
		{A584516C-F8AD-4B9D-BF2F-5FC60D845B61}.Release|Any CPU.ActiveCfg = Release|Any CPU
		{A584516C-F8AD-4B9D-BF2F-5FC60D845B61}.Release|Any CPU.Build.0 = Release|Any CPU
		{A584516C-F8AD-4B9D-BF2F-5FC60D845B61}.Release|ARM.ActiveCfg = Release|Any CPU
		{A584516C-F8AD-4B9D-BF2F-5FC60D845B61}.Release|ARM.Build.0 = Release|Any CPU
		{A584516C-F8AD-4B9D-BF2F-5FC60D845B61}.Release|x64.ActiveCfg = Release|Any CPU
		{A584516C-F8AD-4B9D-BF2F-5FC60D845B61}.Release|x64.Build.0 = Release|Any CPU
		{A584516C-F8AD-4B9D-BF2F-5FC60D845B61}.Release|x86.ActiveCfg = Release|Any CPU
		{A584516C-F8AD-4B9D-BF2F-5FC60D845B61}.Release|x86.Build.0 = Release|Any CPU
		{CF7F8B55-E29D-4CD2-8878-98829D4EFBF3}.Debug|Any CPU.ActiveCfg = Debug|Any CPU
		{CF7F8B55-E29D-4CD2-8878-98829D4EFBF3}.Debug|Any CPU.Build.0 = Debug|Any CPU
		{CF7F8B55-E29D-4CD2-8878-98829D4EFBF3}.Debug|ARM.ActiveCfg = Debug|Any CPU
		{CF7F8B55-E29D-4CD2-8878-98829D4EFBF3}.Debug|ARM.Build.0 = Debug|Any CPU
		{CF7F8B55-E29D-4CD2-8878-98829D4EFBF3}.Debug|x64.ActiveCfg = Debug|Any CPU
		{CF7F8B55-E29D-4CD2-8878-98829D4EFBF3}.Debug|x64.Build.0 = Debug|Any CPU
		{CF7F8B55-E29D-4CD2-8878-98829D4EFBF3}.Debug|x86.ActiveCfg = Debug|Any CPU
		{CF7F8B55-E29D-4CD2-8878-98829D4EFBF3}.Debug|x86.Build.0 = Debug|Any CPU
		{CF7F8B55-E29D-4CD2-8878-98829D4EFBF3}.Release|Any CPU.ActiveCfg = Release|Any CPU
		{CF7F8B55-E29D-4CD2-8878-98829D4EFBF3}.Release|Any CPU.Build.0 = Release|Any CPU
		{CF7F8B55-E29D-4CD2-8878-98829D4EFBF3}.Release|ARM.ActiveCfg = Release|Any CPU
		{CF7F8B55-E29D-4CD2-8878-98829D4EFBF3}.Release|ARM.Build.0 = Release|Any CPU
		{CF7F8B55-E29D-4CD2-8878-98829D4EFBF3}.Release|x64.ActiveCfg = Release|Any CPU
		{CF7F8B55-E29D-4CD2-8878-98829D4EFBF3}.Release|x64.Build.0 = Release|Any CPU
		{CF7F8B55-E29D-4CD2-8878-98829D4EFBF3}.Release|x86.ActiveCfg = Release|Any CPU
		{CF7F8B55-E29D-4CD2-8878-98829D4EFBF3}.Release|x86.Build.0 = Release|Any CPU
		{28164876-451F-4232-94FD-A37E0EC3ED85}.Debug|Any CPU.ActiveCfg = Debug|Any CPU
		{28164876-451F-4232-94FD-A37E0EC3ED85}.Debug|Any CPU.Build.0 = Debug|Any CPU
		{28164876-451F-4232-94FD-A37E0EC3ED85}.Debug|ARM.ActiveCfg = Debug|Any CPU
		{28164876-451F-4232-94FD-A37E0EC3ED85}.Debug|ARM.Build.0 = Debug|Any CPU
		{28164876-451F-4232-94FD-A37E0EC3ED85}.Debug|x64.ActiveCfg = Debug|Any CPU
		{28164876-451F-4232-94FD-A37E0EC3ED85}.Debug|x64.Build.0 = Debug|Any CPU
		{28164876-451F-4232-94FD-A37E0EC3ED85}.Debug|x86.ActiveCfg = Debug|Any CPU
		{28164876-451F-4232-94FD-A37E0EC3ED85}.Debug|x86.Build.0 = Debug|Any CPU
		{28164876-451F-4232-94FD-A37E0EC3ED85}.Release|Any CPU.ActiveCfg = Release|Any CPU
		{28164876-451F-4232-94FD-A37E0EC3ED85}.Release|Any CPU.Build.0 = Release|Any CPU
		{28164876-451F-4232-94FD-A37E0EC3ED85}.Release|ARM.ActiveCfg = Release|Any CPU
		{28164876-451F-4232-94FD-A37E0EC3ED85}.Release|ARM.Build.0 = Release|Any CPU
		{28164876-451F-4232-94FD-A37E0EC3ED85}.Release|x64.ActiveCfg = Release|Any CPU
		{28164876-451F-4232-94FD-A37E0EC3ED85}.Release|x64.Build.0 = Release|Any CPU
		{28164876-451F-4232-94FD-A37E0EC3ED85}.Release|x86.ActiveCfg = Release|Any CPU
		{28164876-451F-4232-94FD-A37E0EC3ED85}.Release|x86.Build.0 = Release|Any CPU
		{48E094D9-0189-4CD1-A983-1B9AAF313708}.Debug|Any CPU.ActiveCfg = Debug|Any CPU
		{48E094D9-0189-4CD1-A983-1B9AAF313708}.Debug|Any CPU.Build.0 = Debug|Any CPU
		{48E094D9-0189-4CD1-A983-1B9AAF313708}.Debug|ARM.ActiveCfg = Debug|Any CPU
		{48E094D9-0189-4CD1-A983-1B9AAF313708}.Debug|ARM.Build.0 = Debug|Any CPU
		{48E094D9-0189-4CD1-A983-1B9AAF313708}.Debug|x64.ActiveCfg = Debug|Any CPU
		{48E094D9-0189-4CD1-A983-1B9AAF313708}.Debug|x64.Build.0 = Debug|Any CPU
		{48E094D9-0189-4CD1-A983-1B9AAF313708}.Debug|x86.ActiveCfg = Debug|Any CPU
		{48E094D9-0189-4CD1-A983-1B9AAF313708}.Debug|x86.Build.0 = Debug|Any CPU
		{48E094D9-0189-4CD1-A983-1B9AAF313708}.Release|Any CPU.ActiveCfg = Release|Any CPU
		{48E094D9-0189-4CD1-A983-1B9AAF313708}.Release|Any CPU.Build.0 = Release|Any CPU
		{48E094D9-0189-4CD1-A983-1B9AAF313708}.Release|ARM.ActiveCfg = Release|Any CPU
		{48E094D9-0189-4CD1-A983-1B9AAF313708}.Release|ARM.Build.0 = Release|Any CPU
		{48E094D9-0189-4CD1-A983-1B9AAF313708}.Release|x64.ActiveCfg = Release|Any CPU
		{48E094D9-0189-4CD1-A983-1B9AAF313708}.Release|x64.Build.0 = Release|Any CPU
		{48E094D9-0189-4CD1-A983-1B9AAF313708}.Release|x86.ActiveCfg = Release|Any CPU
		{48E094D9-0189-4CD1-A983-1B9AAF313708}.Release|x86.Build.0 = Release|Any CPU
		{F7E89E24-85A4-4B72-B726-AF623A039E3D}.Debug|Any CPU.ActiveCfg = Debug|Any CPU
		{F7E89E24-85A4-4B72-B726-AF623A039E3D}.Debug|Any CPU.Build.0 = Debug|Any CPU
		{F7E89E24-85A4-4B72-B726-AF623A039E3D}.Debug|ARM.ActiveCfg = Debug|Any CPU
		{F7E89E24-85A4-4B72-B726-AF623A039E3D}.Debug|ARM.Build.0 = Debug|Any CPU
		{F7E89E24-85A4-4B72-B726-AF623A039E3D}.Debug|x64.ActiveCfg = Debug|Any CPU
		{F7E89E24-85A4-4B72-B726-AF623A039E3D}.Debug|x64.Build.0 = Debug|Any CPU
		{F7E89E24-85A4-4B72-B726-AF623A039E3D}.Debug|x86.ActiveCfg = Debug|Any CPU
		{F7E89E24-85A4-4B72-B726-AF623A039E3D}.Debug|x86.Build.0 = Debug|Any CPU
		{F7E89E24-85A4-4B72-B726-AF623A039E3D}.Release|Any CPU.ActiveCfg = Release|Any CPU
		{F7E89E24-85A4-4B72-B726-AF623A039E3D}.Release|Any CPU.Build.0 = Release|Any CPU
		{F7E89E24-85A4-4B72-B726-AF623A039E3D}.Release|ARM.ActiveCfg = Release|Any CPU
		{F7E89E24-85A4-4B72-B726-AF623A039E3D}.Release|ARM.Build.0 = Release|Any CPU
		{F7E89E24-85A4-4B72-B726-AF623A039E3D}.Release|x64.ActiveCfg = Release|Any CPU
		{F7E89E24-85A4-4B72-B726-AF623A039E3D}.Release|x64.Build.0 = Release|Any CPU
		{F7E89E24-85A4-4B72-B726-AF623A039E3D}.Release|x86.ActiveCfg = Release|Any CPU
		{F7E89E24-85A4-4B72-B726-AF623A039E3D}.Release|x86.Build.0 = Release|Any CPU
		{9DFBC9CC-AD14-4185-A14B-640EFCF6E754}.Debug|Any CPU.ActiveCfg = Debug|Any CPU
		{9DFBC9CC-AD14-4185-A14B-640EFCF6E754}.Debug|Any CPU.Build.0 = Debug|Any CPU
		{9DFBC9CC-AD14-4185-A14B-640EFCF6E754}.Debug|ARM.ActiveCfg = Debug|Any CPU
		{9DFBC9CC-AD14-4185-A14B-640EFCF6E754}.Debug|ARM.Build.0 = Debug|Any CPU
		{9DFBC9CC-AD14-4185-A14B-640EFCF6E754}.Debug|x64.ActiveCfg = Debug|Any CPU
		{9DFBC9CC-AD14-4185-A14B-640EFCF6E754}.Debug|x64.Build.0 = Debug|Any CPU
		{9DFBC9CC-AD14-4185-A14B-640EFCF6E754}.Debug|x86.ActiveCfg = Debug|Any CPU
		{9DFBC9CC-AD14-4185-A14B-640EFCF6E754}.Debug|x86.Build.0 = Debug|Any CPU
		{9DFBC9CC-AD14-4185-A14B-640EFCF6E754}.Release|Any CPU.ActiveCfg = Release|Any CPU
		{9DFBC9CC-AD14-4185-A14B-640EFCF6E754}.Release|Any CPU.Build.0 = Release|Any CPU
		{9DFBC9CC-AD14-4185-A14B-640EFCF6E754}.Release|ARM.ActiveCfg = Release|Any CPU
		{9DFBC9CC-AD14-4185-A14B-640EFCF6E754}.Release|ARM.Build.0 = Release|Any CPU
		{9DFBC9CC-AD14-4185-A14B-640EFCF6E754}.Release|x64.ActiveCfg = Release|Any CPU
		{9DFBC9CC-AD14-4185-A14B-640EFCF6E754}.Release|x64.Build.0 = Release|Any CPU
		{9DFBC9CC-AD14-4185-A14B-640EFCF6E754}.Release|x86.ActiveCfg = Release|Any CPU
		{9DFBC9CC-AD14-4185-A14B-640EFCF6E754}.Release|x86.Build.0 = Release|Any CPU
		{30ABB881-F001-4300-B07B-220B14FFEEC4}.Debug|Any CPU.ActiveCfg = Debug|Any CPU
		{30ABB881-F001-4300-B07B-220B14FFEEC4}.Debug|Any CPU.Build.0 = Debug|Any CPU
		{30ABB881-F001-4300-B07B-220B14FFEEC4}.Debug|ARM.ActiveCfg = Debug|Any CPU
		{30ABB881-F001-4300-B07B-220B14FFEEC4}.Debug|ARM.Build.0 = Debug|Any CPU
		{30ABB881-F001-4300-B07B-220B14FFEEC4}.Debug|x64.ActiveCfg = Debug|Any CPU
		{30ABB881-F001-4300-B07B-220B14FFEEC4}.Debug|x64.Build.0 = Debug|Any CPU
		{30ABB881-F001-4300-B07B-220B14FFEEC4}.Debug|x86.ActiveCfg = Debug|Any CPU
		{30ABB881-F001-4300-B07B-220B14FFEEC4}.Debug|x86.Build.0 = Debug|Any CPU
		{30ABB881-F001-4300-B07B-220B14FFEEC4}.Release|Any CPU.ActiveCfg = Release|Any CPU
		{30ABB881-F001-4300-B07B-220B14FFEEC4}.Release|Any CPU.Build.0 = Release|Any CPU
		{30ABB881-F001-4300-B07B-220B14FFEEC4}.Release|ARM.ActiveCfg = Release|Any CPU
		{30ABB881-F001-4300-B07B-220B14FFEEC4}.Release|ARM.Build.0 = Release|Any CPU
		{30ABB881-F001-4300-B07B-220B14FFEEC4}.Release|x64.ActiveCfg = Release|Any CPU
		{30ABB881-F001-4300-B07B-220B14FFEEC4}.Release|x64.Build.0 = Release|Any CPU
		{30ABB881-F001-4300-B07B-220B14FFEEC4}.Release|x86.ActiveCfg = Release|Any CPU
		{30ABB881-F001-4300-B07B-220B14FFEEC4}.Release|x86.Build.0 = Release|Any CPU
		{7D14EB6D-4775-4518-A8E4-02B804226E83}.Debug|Any CPU.ActiveCfg = Debug|Any CPU
		{7D14EB6D-4775-4518-A8E4-02B804226E83}.Debug|Any CPU.Build.0 = Debug|Any CPU
		{7D14EB6D-4775-4518-A8E4-02B804226E83}.Debug|ARM.ActiveCfg = Debug|Any CPU
		{7D14EB6D-4775-4518-A8E4-02B804226E83}.Debug|ARM.Build.0 = Debug|Any CPU
		{7D14EB6D-4775-4518-A8E4-02B804226E83}.Debug|x64.ActiveCfg = Debug|Any CPU
		{7D14EB6D-4775-4518-A8E4-02B804226E83}.Debug|x64.Build.0 = Debug|Any CPU
		{7D14EB6D-4775-4518-A8E4-02B804226E83}.Debug|x86.ActiveCfg = Debug|Any CPU
		{7D14EB6D-4775-4518-A8E4-02B804226E83}.Debug|x86.Build.0 = Debug|Any CPU
		{7D14EB6D-4775-4518-A8E4-02B804226E83}.Release|Any CPU.ActiveCfg = Release|Any CPU
		{7D14EB6D-4775-4518-A8E4-02B804226E83}.Release|Any CPU.Build.0 = Release|Any CPU
		{7D14EB6D-4775-4518-A8E4-02B804226E83}.Release|ARM.ActiveCfg = Release|Any CPU
		{7D14EB6D-4775-4518-A8E4-02B804226E83}.Release|ARM.Build.0 = Release|Any CPU
		{7D14EB6D-4775-4518-A8E4-02B804226E83}.Release|x64.ActiveCfg = Release|Any CPU
		{7D14EB6D-4775-4518-A8E4-02B804226E83}.Release|x64.Build.0 = Release|Any CPU
		{7D14EB6D-4775-4518-A8E4-02B804226E83}.Release|x86.ActiveCfg = Release|Any CPU
		{7D14EB6D-4775-4518-A8E4-02B804226E83}.Release|x86.Build.0 = Release|Any CPU
	EndGlobalSection
	GlobalSection(SolutionProperties) = preSolution
		HideSolutionNode = FALSE
	EndGlobalSection
	GlobalSection(NestedProjects) = preSolution
		{D7960772-0EF6-42DB-97BA-A1CC24934487} = {3DE13E6B-143F-4DED-8734-43419F34028C}
		{B4F7D5C4-9421-4D17-8D1C-104782E9C58A} = {3DE13E6B-143F-4DED-8734-43419F34028C}
		{BD03B159-9C44-4E27-961B-97A63E383FEF} = {3DE13E6B-143F-4DED-8734-43419F34028C}
		{9E672454-042B-4083-B319-BF1C05671452} = {3DE13E6B-143F-4DED-8734-43419F34028C}
		{04A1FC3F-F956-4E69-81F0-C2A3FCF0B0A4} = {2D8B3D01-AA5F-4104-815E-B10723B3E89D}
		{16185DD9-347C-4BE1-9F51-2A7C91494341} = {2D8B3D01-AA5F-4104-815E-B10723B3E89D}
		{FA097D7B-2892-4A7D-8DBE-57DEE1E5947C} = {2D8B3D01-AA5F-4104-815E-B10723B3E89D}
		{C0A7D585-0C3A-4E48-AE42-5B08981EEACA} = {2D8B3D01-AA5F-4104-815E-B10723B3E89D}
		{3663D1DF-87E7-4E39-8D45-D77C2391EA61} = {96552089-E0F1-4DE4-9B94-2861A635382C}
		{B12CCEA4-5D5E-4850-9A10-B85A6F67D5D1} = {96552089-E0F1-4DE4-9B94-2861A635382C}
		{9E78EAF2-38F0-4E5A-8D73-36768556BF47} = {96552089-E0F1-4DE4-9B94-2861A635382C}
		{5F105D7A-2F5F-4E1B-9CC1-985E160F04D7} = {6743DA2C-67BE-4361-8E33-BB0C7EE9BF83}
		{BBBA33DC-EEFF-4A30-ADFF-4CAD15ECF1FF} = {6743DA2C-67BE-4361-8E33-BB0C7EE9BF83}
		{27356142-EA83-4FC4-AE09-EC5AE018575A} = {6743DA2C-67BE-4361-8E33-BB0C7EE9BF83}
		{BF41A837-B7A1-44FF-B270-A7C2360CB978} = {6743DA2C-67BE-4361-8E33-BB0C7EE9BF83}
		{E96CB49C-8AA8-4CBC-B143-4C4DA11998F5} = {6743DA2C-67BE-4361-8E33-BB0C7EE9BF83}
		{33362BF8-424A-4E56-A064-003E0C03E44F} = {6743DA2C-67BE-4361-8E33-BB0C7EE9BF83}
		{6A444F43-06ED-4914-A334-E2784F2D6EEF} = {CD72D2EA-8812-49D2-A7DB-92A1DC3F2824}
		{9C4F4068-239F-4432-8514-288202D741FC} = {CD72D2EA-8812-49D2-A7DB-92A1DC3F2824}
		{5EAE38BD-B9D8-41B7-BFF9-A6AA7F3218BD} = {CD72D2EA-8812-49D2-A7DB-92A1DC3F2824}
		{B78630BE-55D6-478E-8D3F-02C5A1C8896F} = {CD72D2EA-8812-49D2-A7DB-92A1DC3F2824}
		{141073E7-A5F7-4000-A11A-DBF5ACDEFD15} = {31154E60-EFDE-425A-8676-EA3CDFD026FC}
		{5C205A26-F4F2-48A8-8E4E-F07EE7FAE74E} = {31154E60-EFDE-425A-8676-EA3CDFD026FC}
		{68FA884F-0606-4AE8-815C-B2CEE3866EE9} = {31154E60-EFDE-425A-8676-EA3CDFD026FC}
		{7CCD7879-DC5F-485C-A54C-AEC4980130EB} = {31154E60-EFDE-425A-8676-EA3CDFD026FC}
		{96E00CE9-3FC1-47C7-A2EA-51BB168A605A} = {31154E60-EFDE-425A-8676-EA3CDFD026FC}
		{59D021F3-2441-4DA4-A924-BF2AB3944350} = {DEA3F8E8-DC4F-447D-9FAA-0234020B5771}
		{B37886DD-0D8D-4F5A-8265-4A09A2A122ED} = {DEA3F8E8-DC4F-447D-9FAA-0234020B5771}
		{72D47C4E-E4B4-4F5C-86CB-F2DD15597283} = {DEA3F8E8-DC4F-447D-9FAA-0234020B5771}
		{4232FDDC-3779-410F-8A98-A32FAFF7E118} = {DEA3F8E8-DC4F-447D-9FAA-0234020B5771}
		{1B810D55-6383-409E-817B-CE4E2B8734A3} = {DEA3F8E8-DC4F-447D-9FAA-0234020B5771}
		{EF9F60DB-C87B-448B-A6BD-ACB13DF51C94} = {DEA3F8E8-DC4F-447D-9FAA-0234020B5771}
		{DA4A44FA-F705-47B6-B1B5-15BD8F80D811} = {DEA3F8E8-DC4F-447D-9FAA-0234020B5771}
		{A584516C-F8AD-4B9D-BF2F-5FC60D845B61} = {DEA3F8E8-DC4F-447D-9FAA-0234020B5771}
		{CF7F8B55-E29D-4CD2-8878-98829D4EFBF3} = {DEA3F8E8-DC4F-447D-9FAA-0234020B5771}
		{28164876-451F-4232-94FD-A37E0EC3ED85} = {DEA3F8E8-DC4F-447D-9FAA-0234020B5771}
		{48E094D9-0189-4CD1-A983-1B9AAF313708} = {DEA3F8E8-DC4F-447D-9FAA-0234020B5771}
		{F7E89E24-85A4-4B72-B726-AF623A039E3D} = {DEA3F8E8-DC4F-447D-9FAA-0234020B5771}
		{9DFBC9CC-AD14-4185-A14B-640EFCF6E754} = {9EFDBB34-5442-4983-944B-F0F955F53BB1}
		{30ABB881-F001-4300-B07B-220B14FFEEC4} = {9EFDBB34-5442-4983-944B-F0F955F53BB1}
		{7D14EB6D-4775-4518-A8E4-02B804226E83} = {9EFDBB34-5442-4983-944B-F0F955F53BB1}
	EndGlobalSection
	GlobalSection(ExtensibilityGlobals) = postSolution
		SolutionGuid = {48B2624C-3D19-486C-AF70-1520364C3C8B}
	EndGlobalSection
EndGlobal
